// !$*UTF8*$!
{
	archiveVersion = 1;
	classes = {
	};
	objectVersion = 55;
	objects = {

/* Begin PBXBuildFile section */
		84DE94DA275D878F001F33F7 /* AppDelegate.swift in Sources */ = {isa = PBXBuildFile; fileRef = 84DE94D9275D878F001F33F7 /* AppDelegate.swift */; };
		84DE94DC275D878F001F33F7 /* SceneDelegate.swift in Sources */ = {isa = PBXBuildFile; fileRef = 84DE94DB275D878F001F33F7 /* SceneDelegate.swift */; };
		84DE94DE275D878F001F33F7 /* ViewController.swift in Sources */ = {isa = PBXBuildFile; fileRef = 84DE94DD275D878F001F33F7 /* ViewController.swift */; };
		84DE94E1275D878F001F33F7 /* Main.storyboard in Resources */ = {isa = PBXBuildFile; fileRef = 84DE94DF275D878F001F33F7 /* Main.storyboard */; };
		84DE94E3275D8791001F33F7 /* Assets.xcassets in Resources */ = {isa = PBXBuildFile; fileRef = 84DE94E2275D8791001F33F7 /* Assets.xcassets */; };
		84DE94E6275D8791001F33F7 /* LaunchScreen.storyboard in Resources */ = {isa = PBXBuildFile; fileRef = 84DE94E4275D8791001F33F7 /* LaunchScreen.storyboard */; };
		84DE94F1275D8791001F33F7 /* ColdCallNorahAsiriTests.swift in Sources */ = {isa = PBXBuildFile; fileRef = 84DE94F0275D8791001F33F7 /* ColdCallNorahAsiriTests.swift */; };
		84DE94FB275D8791001F33F7 /* ColdCallNorahAsiriUITests.swift in Sources */ = {isa = PBXBuildFile; fileRef = 84DE94FA275D8791001F33F7 /* ColdCallNorahAsiriUITests.swift */; };
		84DE94FD275D8791001F33F7 /* ColdCallNorahAsiriUITestsLaunchTests.swift in Sources */ = {isa = PBXBuildFile; fileRef = 84DE94FC275D8791001F33F7 /* ColdCallNorahAsiriUITestsLaunchTests.swift */; };
/* End PBXBuildFile section */

/* Begin PBXContainerItemProxy section */
		84DE94ED275D8791001F33F7 /* PBXContainerItemProxy */ = {
			isa = PBXContainerItemProxy;
			containerPortal = 84DE94CE275D878F001F33F7 /* Project object */;
			proxyType = 1;
			remoteGlobalIDString = 84DE94D5275D878F001F33F7;
			remoteInfo = ColdCallNorahAsiri;
		};
		84DE94F7275D8791001F33F7 /* PBXContainerItemProxy */ = {
			isa = PBXContainerItemProxy;
			containerPortal = 84DE94CE275D878F001F33F7 /* Project object */;
			proxyType = 1;
			remoteGlobalIDString = 84DE94D5275D878F001F33F7;
			remoteInfo = ColdCallNorahAsiri;
		};
/* End PBXContainerItemProxy section */

/* Begin PBXFileReference section */
		84DE94D6275D878F001F33F7 /* ColdCallNorahAsiri.app */ = {isa = PBXFileReference; explicitFileType = wrapper.application; includeInIndex = 0; path = ColdCallNorahAsiri.app; sourceTree = BUILT_PRODUCTS_DIR; };
		84DE94D9275D878F001F33F7 /* AppDelegate.swift */ = {isa = PBXFileReference; lastKnownFileType = sourcecode.swift; path = AppDelegate.swift; sourceTree = "<group>"; };
		84DE94DB275D878F001F33F7 /* SceneDelegate.swift */ = {isa = PBXFileReference; lastKnownFileType = sourcecode.swift; path = SceneDelegate.swift; sourceTree = "<group>"; };
		84DE94DD275D878F001F33F7 /* ViewController.swift */ = {isa = PBXFileReference; lastKnownFileType = sourcecode.swift; path = ViewController.swift; sourceTree = "<group>"; };
		84DE94E0275D878F001F33F7 /* Base */ = {isa = PBXFileReference; lastKnownFileType = file.storyboard; name = Base; path = Base.lproj/Main.storyboard; sourceTree = "<group>"; };
		84DE94E2275D8791001F33F7 /* Assets.xcassets */ = {isa = PBXFileReference; lastKnownFileType = folder.assetcatalog; path = Assets.xcassets; sourceTree = "<group>"; };
		84DE94E5275D8791001F33F7 /* Base */ = {isa = PBXFileReference; lastKnownFileType = file.storyboard; name = Base; path = Base.lproj/LaunchScreen.storyboard; sourceTree = "<group>"; };
		84DE94E7275D8791001F33F7 /* Info.plist */ = {isa = PBXFileReference; lastKnownFileType = text.plist.xml; path = Info.plist; sourceTree = "<group>"; };
		84DE94EC275D8791001F33F7 /* ColdCallNorahAsiriTests.xctest */ = {isa = PBXFileReference; explicitFileType = wrapper.cfbundle; includeInIndex = 0; path = ColdCallNorahAsiriTests.xctest; sourceTree = BUILT_PRODUCTS_DIR; };
		84DE94F0275D8791001F33F7 /* ColdCallNorahAsiriTests.swift */ = {isa = PBXFileReference; lastKnownFileType = sourcecode.swift; path = ColdCallNorahAsiriTests.swift; sourceTree = "<group>"; };
		84DE94F6275D8791001F33F7 /* ColdCallNorahAsiriUITests.xctest */ = {isa = PBXFileReference; explicitFileType = wrapper.cfbundle; includeInIndex = 0; path = ColdCallNorahAsiriUITests.xctest; sourceTree = BUILT_PRODUCTS_DIR; };
		84DE94FA275D8791001F33F7 /* ColdCallNorahAsiriUITests.swift */ = {isa = PBXFileReference; lastKnownFileType = sourcecode.swift; path = ColdCallNorahAsiriUITests.swift; sourceTree = "<group>"; };
		84DE94FC275D8791001F33F7 /* ColdCallNorahAsiriUITestsLaunchTests.swift */ = {isa = PBXFileReference; lastKnownFileType = sourcecode.swift; path = ColdCallNorahAsiriUITestsLaunchTests.swift; sourceTree = "<group>"; };
/* End PBXFileReference section */

/* Begin PBXFrameworksBuildPhase section */
		84DE94D3275D878F001F33F7 /* Frameworks */ = {
			isa = PBXFrameworksBuildPhase;
			buildActionMask = 2147483647;
			files = (
			);
			runOnlyForDeploymentPostprocessing = 0;
		};
		84DE94E9275D8791001F33F7 /* Frameworks */ = {
			isa = PBXFrameworksBuildPhase;
			buildActionMask = 2147483647;
			files = (
			);
			runOnlyForDeploymentPostprocessing = 0;
		};
		84DE94F3275D8791001F33F7 /* Frameworks */ = {
			isa = PBXFrameworksBuildPhase;
			buildActionMask = 2147483647;
			files = (
			);
			runOnlyForDeploymentPostprocessing = 0;
		};
/* End PBXFrameworksBuildPhase section */

/* Begin PBXGroup section */
		84DE94CD275D878F001F33F7 = {
			isa = PBXGroup;
			children = (
				84DE94D8275D878F001F33F7 /* ColdCallNorahAsiri */,
				84DE94EF275D8791001F33F7 /* ColdCallNorahAsiriTests */,
				84DE94F9275D8791001F33F7 /* ColdCallNorahAsiriUITests */,
				84DE94D7275D878F001F33F7 /* Products */,
			);
			sourceTree = "<group>";
		};
		84DE94D7275D878F001F33F7 /* Products */ = {
			isa = PBXGroup;
			children = (
				84DE94D6275D878F001F33F7 /* ColdCallNorahAsiri.app */,
				84DE94EC275D8791001F33F7 /* ColdCallNorahAsiriTests.xctest */,
				84DE94F6275D8791001F33F7 /* ColdCallNorahAsiriUITests.xctest */,
			);
			name = Products;
			sourceTree = "<group>";
		};
		84DE94D8275D878F001F33F7 /* ColdCallNorahAsiri */ = {
			isa = PBXGroup;
			children = (
				84DE94D9275D878F001F33F7 /* AppDelegate.swift */,
				84DE94DB275D878F001F33F7 /* SceneDelegate.swift */,
				84DE94DD275D878F001F33F7 /* ViewController.swift */,
				84DE94DF275D878F001F33F7 /* Main.storyboard */,
				84DE94E2275D8791001F33F7 /* Assets.xcassets */,
				84DE94E4275D8791001F33F7 /* LaunchScreen.storyboard */,
				84DE94E7275D8791001F33F7 /* Info.plist */,
			);
			path = ColdCallNorahAsiri;
			sourceTree = "<group>";
		};
		84DE94EF275D8791001F33F7 /* ColdCallNorahAsiriTests */ = {
			isa = PBXGroup;
			children = (
				84DE94F0275D8791001F33F7 /* ColdCallNorahAsiriTests.swift */,
			);
			path = ColdCallNorahAsiriTests;
			sourceTree = "<group>";
		};
		84DE94F9275D8791001F33F7 /* ColdCallNorahAsiriUITests */ = {
			isa = PBXGroup;
			children = (
				84DE94FA275D8791001F33F7 /* ColdCallNorahAsiriUITests.swift */,
				84DE94FC275D8791001F33F7 /* ColdCallNorahAsiriUITestsLaunchTests.swift */,
			);
			path = ColdCallNorahAsiriUITests;
			sourceTree = "<group>";
		};
/* End PBXGroup section */

/* Begin PBXNativeTarget section */
		84DE94D5275D878F001F33F7 /* ColdCallNorahAsiri */ = {
			isa = PBXNativeTarget;
			buildConfigurationList = 84DE9500275D8791001F33F7 /* Build configuration list for PBXNativeTarget "ColdCallNorahAsiri" */;
			buildPhases = (
				84DE94D2275D878F001F33F7 /* Sources */,
				84DE94D3275D878F001F33F7 /* Frameworks */,
				84DE94D4275D878F001F33F7 /* Resources */,
			);
			buildRules = (
			);
			dependencies = (
			);
			name = ColdCallNorahAsiri;
			productName = ColdCallNorahAsiri;
			productReference = 84DE94D6275D878F001F33F7 /* ColdCallNorahAsiri.app */;
			productType = "com.apple.product-type.application";
		};
		84DE94EB275D8791001F33F7 /* ColdCallNorahAsiriTests */ = {
			isa = PBXNativeTarget;
			buildConfigurationList = 84DE9503275D8791001F33F7 /* Build configuration list for PBXNativeTarget "ColdCallNorahAsiriTests" */;
			buildPhases = (
				84DE94E8275D8791001F33F7 /* Sources */,
				84DE94E9275D8791001F33F7 /* Frameworks */,
				84DE94EA275D8791001F33F7 /* Resources */,
			);
			buildRules = (
			);
			dependencies = (
				84DE94EE275D8791001F33F7 /* PBXTargetDependency */,
			);
			name = ColdCallNorahAsiriTests;
			productName = ColdCallNorahAsiriTests;
			productReference = 84DE94EC275D8791001F33F7 /* ColdCallNorahAsiriTests.xctest */;
			productType = "com.apple.product-type.bundle.unit-test";
		};
		84DE94F5275D8791001F33F7 /* ColdCallNorahAsiriUITests */ = {
			isa = PBXNativeTarget;
			buildConfigurationList = 84DE9506275D8791001F33F7 /* Build configuration list for PBXNativeTarget "ColdCallNorahAsiriUITests" */;
			buildPhases = (
				84DE94F2275D8791001F33F7 /* Sources */,
				84DE94F3275D8791001F33F7 /* Frameworks */,
				84DE94F4275D8791001F33F7 /* Resources */,
			);
			buildRules = (
			);
			dependencies = (
				84DE94F8275D8791001F33F7 /* PBXTargetDependency */,
			);
			name = ColdCallNorahAsiriUITests;
			productName = ColdCallNorahAsiriUITests;
			productReference = 84DE94F6275D8791001F33F7 /* ColdCallNorahAsiriUITests.xctest */;
			productType = "com.apple.product-type.bundle.ui-testing";
		};
/* End PBXNativeTarget section */

/* Begin PBXProject section */
		84DE94CE275D878F001F33F7 /* Project object */ = {
			isa = PBXProject;
			attributes = {
				BuildIndependentTargetsInParallel = 1;
				LastSwiftUpdateCheck = 1310;
				LastUpgradeCheck = 1310;
				TargetAttributes = {
					84DE94D5275D878F001F33F7 = {
						CreatedOnToolsVersion = 13.1;
					};
					84DE94EB275D8791001F33F7 = {
						CreatedOnToolsVersion = 13.1;
						TestTargetID = 84DE94D5275D878F001F33F7;
					};
					84DE94F5275D8791001F33F7 = {
						CreatedOnToolsVersion = 13.1;
						TestTargetID = 84DE94D5275D878F001F33F7;
					};
				};
			};
			buildConfigurationList = 84DE94D1275D878F001F33F7 /* Build configuration list for PBXProject "ColdCallNorahAsiri" */;
			compatibilityVersion = "Xcode 13.0";
			developmentRegion = en;
			hasScannedForEncodings = 0;
			knownRegions = (
				en,
				Base,
			);
			mainGroup = 84DE94CD275D878F001F33F7;
			productRefGroup = 84DE94D7275D878F001F33F7 /* Products */;
			projectDirPath = "";
			projectRoot = "";
			targets = (
				84DE94D5275D878F001F33F7 /* ColdCallNorahAsiri */,
				84DE94EB275D8791001F33F7 /* ColdCallNorahAsiriTests */,
				84DE94F5275D8791001F33F7 /* ColdCallNorahAsiriUITests */,
			);
		};
/* End PBXProject section */

/* Begin PBXResourcesBuildPhase section */
		84DE94D4275D878F001F33F7 /* Resources */ = {
			isa = PBXResourcesBuildPhase;
			buildActionMask = 2147483647;
			files = (
				84DE94E6275D8791001F33F7 /* LaunchScreen.storyboard in Resources */,
				84DE94E3275D8791001F33F7 /* Assets.xcassets in Resources */,
				84DE94E1275D878F001F33F7 /* Main.storyboard in Resources */,
			);
			runOnlyForDeploymentPostprocessing = 0;
		};
		84DE94EA275D8791001F33F7 /* Resources */ = {
			isa = PBXResourcesBuildPhase;
			buildActionMask = 2147483647;
			files = (
			);
			runOnlyForDeploymentPostprocessing = 0;
		};
		84DE94F4275D8791001F33F7 /* Resources */ = {
			isa = PBXResourcesBuildPhase;
			buildActionMask = 2147483647;
			files = (
			);
			runOnlyForDeploymentPostprocessing = 0;
		};
/* End PBXResourcesBuildPhase section */

/* Begin PBXSourcesBuildPhase section */
		84DE94D2275D878F001F33F7 /* Sources */ = {
			isa = PBXSourcesBuildPhase;
			buildActionMask = 2147483647;
			files = (
				84DE94DE275D878F001F33F7 /* ViewController.swift in Sources */,
				84DE94DA275D878F001F33F7 /* AppDelegate.swift in Sources */,
				84DE94DC275D878F001F33F7 /* SceneDelegate.swift in Sources */,
			);
			runOnlyForDeploymentPostprocessing = 0;
		};
		84DE94E8275D8791001F33F7 /* Sources */ = {
			isa = PBXSourcesBuildPhase;
			buildActionMask = 2147483647;
			files = (
				84DE94F1275D8791001F33F7 /* ColdCallNorahAsiriTests.swift in Sources */,
			);
			runOnlyForDeploymentPostprocessing = 0;
		};
		84DE94F2275D8791001F33F7 /* Sources */ = {
			isa = PBXSourcesBuildPhase;
			buildActionMask = 2147483647;
			files = (
				84DE94FD275D8791001F33F7 /* ColdCallNorahAsiriUITestsLaunchTests.swift in Sources */,
				84DE94FB275D8791001F33F7 /* ColdCallNorahAsiriUITests.swift in Sources */,
			);
			runOnlyForDeploymentPostprocessing = 0;
		};
/* End PBXSourcesBuildPhase section */

/* Begin PBXTargetDependency section */
		84DE94EE275D8791001F33F7 /* PBXTargetDependency */ = {
			isa = PBXTargetDependency;
			target = 84DE94D5275D878F001F33F7 /* ColdCallNorahAsiri */;
			targetProxy = 84DE94ED275D8791001F33F7 /* PBXContainerItemProxy */;
		};
		84DE94F8275D8791001F33F7 /* PBXTargetDependency */ = {
			isa = PBXTargetDependency;
			target = 84DE94D5275D878F001F33F7 /* ColdCallNorahAsiri */;
			targetProxy = 84DE94F7275D8791001F33F7 /* PBXContainerItemProxy */;
		};
/* End PBXTargetDependency section */

/* Begin PBXVariantGroup section */
		84DE94DF275D878F001F33F7 /* Main.storyboard */ = {
			isa = PBXVariantGroup;
			children = (
				84DE94E0275D878F001F33F7 /* Base */,
			);
			name = Main.storyboard;
			sourceTree = "<group>";
		};
		84DE94E4275D8791001F33F7 /* LaunchScreen.storyboard */ = {
			isa = PBXVariantGroup;
			children = (
				84DE94E5275D8791001F33F7 /* Base */,
			);
			name = LaunchScreen.storyboard;
			sourceTree = "<group>";
		};
/* End PBXVariantGroup section */

/* Begin XCBuildConfiguration section */
		84DE94FE275D8791001F33F7 /* Debug */ = {
			isa = XCBuildConfiguration;
			buildSettings = {
				ALWAYS_SEARCH_USER_PATHS = NO;
				CLANG_ANALYZER_NONNULL = YES;
				CLANG_ANALYZER_NUMBER_OBJECT_CONVERSION = YES_AGGRESSIVE;
				CLANG_CXX_LANGUAGE_STANDARD = "gnu++17";
				CLANG_CXX_LIBRARY = "libc++";
				CLANG_ENABLE_MODULES = YES;
				CLANG_ENABLE_OBJC_ARC = YES;
				CLANG_ENABLE_OBJC_WEAK = YES;
				CLANG_WARN_BLOCK_CAPTURE_AUTORELEASING = YES;
				CLANG_WARN_BOOL_CONVERSION = YES;
				CLANG_WARN_COMMA = YES;
				CLANG_WARN_CONSTANT_CONVERSION = YES;
				CLANG_WARN_DEPRECATED_OBJC_IMPLEMENTATIONS = YES;
				CLANG_WARN_DIRECT_OBJC_ISA_USAGE = YES_ERROR;
				CLANG_WARN_DOCUMENTATION_COMMENTS = YES;
				CLANG_WARN_EMPTY_BODY = YES;
				CLANG_WARN_ENUM_CONVERSION = YES;
				CLANG_WARN_INFINITE_RECURSION = YES;
				CLANG_WARN_INT_CONVERSION = YES;
				CLANG_WARN_NON_LITERAL_NULL_CONVERSION = YES;
				CLANG_WARN_OBJC_IMPLICIT_RETAIN_SELF = YES;
				CLANG_WARN_OBJC_LITERAL_CONVERSION = YES;
				CLANG_WARN_OBJC_ROOT_CLASS = YES_ERROR;
				CLANG_WARN_QUOTED_INCLUDE_IN_FRAMEWORK_HEADER = YES;
				CLANG_WARN_RANGE_LOOP_ANALYSIS = YES;
				CLANG_WARN_STRICT_PROTOTYPES = YES;
				CLANG_WARN_SUSPICIOUS_MOVE = YES;
				CLANG_WARN_UNGUARDED_AVAILABILITY = YES_AGGRESSIVE;
				CLANG_WARN_UNREACHABLE_CODE = YES;
				CLANG_WARN__DUPLICATE_METHOD_MATCH = YES;
				COPY_PHASE_STRIP = NO;
				DEBUG_INFORMATION_FORMAT = dwarf;
				ENABLE_STRICT_OBJC_MSGSEND = YES;
				ENABLE_TESTABILITY = YES;
				GCC_C_LANGUAGE_STANDARD = gnu11;
				GCC_DYNAMIC_NO_PIC = NO;
				GCC_NO_COMMON_BLOCKS = YES;
				GCC_OPTIMIZATION_LEVEL = 0;
				GCC_PREPROCESSOR_DEFINITIONS = (
					"DEBUG=1",
					"$(inherited)",
				);
				GCC_WARN_64_TO_32_BIT_CONVERSION = YES;
				GCC_WARN_ABOUT_RETURN_TYPE = YES_ERROR;
				GCC_WARN_UNDECLARED_SELECTOR = YES;
				GCC_WARN_UNINITIALIZED_AUTOS = YES_AGGRESSIVE;
				GCC_WARN_UNUSED_FUNCTION = YES;
				GCC_WARN_UNUSED_VARIABLE = YES;
				IPHONEOS_DEPLOYMENT_TARGET = 15.0;
				MTL_ENABLE_DEBUG_INFO = INCLUDE_SOURCE;
				MTL_FAST_MATH = YES;
				ONLY_ACTIVE_ARCH = YES;
				SDKROOT = iphoneos;
				SWIFT_ACTIVE_COMPILATION_CONDITIONS = DEBUG;
				SWIFT_OPTIMIZATION_LEVEL = "-Onone";
			};
			name = Debug;
		};
		84DE94FF275D8791001F33F7 /* Release */ = {
			isa = XCBuildConfiguration;
			buildSettings = {
				ALWAYS_SEARCH_USER_PATHS = NO;
				CLANG_ANALYZER_NONNULL = YES;
				CLANG_ANALYZER_NUMBER_OBJECT_CONVERSION = YES_AGGRESSIVE;
				CLANG_CXX_LANGUAGE_STANDARD = "gnu++17";
				CLANG_CXX_LIBRARY = "libc++";
				CLANG_ENABLE_MODULES = YES;
				CLANG_ENABLE_OBJC_ARC = YES;
				CLANG_ENABLE_OBJC_WEAK = YES;
				CLANG_WARN_BLOCK_CAPTURE_AUTORELEASING = YES;
				CLANG_WARN_BOOL_CONVERSION = YES;
				CLANG_WARN_COMMA = YES;
				CLANG_WARN_CONSTANT_CONVERSION = YES;
				CLANG_WARN_DEPRECATED_OBJC_IMPLEMENTATIONS = YES;
				CLANG_WARN_DIRECT_OBJC_ISA_USAGE = YES_ERROR;
				CLANG_WARN_DOCUMENTATION_COMMENTS = YES;
				CLANG_WARN_EMPTY_BODY = YES;
				CLANG_WARN_ENUM_CONVERSION = YES;
				CLANG_WARN_INFINITE_RECURSION = YES;
				CLANG_WARN_INT_CONVERSION = YES;
				CLANG_WARN_NON_LITERAL_NULL_CONVERSION = YES;
				CLANG_WARN_OBJC_IMPLICIT_RETAIN_SELF = YES;
				CLANG_WARN_OBJC_LITERAL_CONVERSION = YES;
				CLANG_WARN_OBJC_ROOT_CLASS = YES_ERROR;
				CLANG_WARN_QUOTED_INCLUDE_IN_FRAMEWORK_HEADER = YES;
				CLANG_WARN_RANGE_LOOP_ANALYSIS = YES;
				CLANG_WARN_STRICT_PROTOTYPES = YES;
				CLANG_WARN_SUSPICIOUS_MOVE = YES;
				CLANG_WARN_UNGUARDED_AVAILABILITY = YES_AGGRESSIVE;
				CLANG_WARN_UNREACHABLE_CODE = YES;
				CLANG_WARN__DUPLICATE_METHOD_MATCH = YES;
				COPY_PHASE_STRIP = NO;
				DEBUG_INFORMATION_FORMAT = "dwarf-with-dsym";
				ENABLE_NS_ASSERTIONS = NO;
				ENABLE_STRICT_OBJC_MSGSEND = YES;
				GCC_C_LANGUAGE_STANDARD = gnu11;
				GCC_NO_COMMON_BLOCKS = YES;
				GCC_WARN_64_TO_32_BIT_CONVERSION = YES;
				GCC_WARN_ABOUT_RETURN_TYPE = YES_ERROR;
				GCC_WARN_UNDECLARED_SELECTOR = YES;
				GCC_WARN_UNINITIALIZED_AUTOS = YES_AGGRESSIVE;
				GCC_WARN_UNUSED_FUNCTION = YES;
				GCC_WARN_UNUSED_VARIABLE = YES;
				IPHONEOS_DEPLOYMENT_TARGET = 15.0;
				MTL_ENABLE_DEBUG_INFO = NO;
				MTL_FAST_MATH = YES;
				SDKROOT = iphoneos;
				SWIFT_COMPILATION_MODE = wholemodule;
				SWIFT_OPTIMIZATION_LEVEL = "-O";
				VALIDATE_PRODUCT = YES;
			};
			name = Release;
		};
		84DE9501275D8791001F33F7 /* Debug */ = {
			isa = XCBuildConfiguration;
			buildSettings = {
				ASSETCATALOG_COMPILER_APPICON_NAME = AppIcon;
				ASSETCATALOG_COMPILER_GLOBAL_ACCENT_COLOR_NAME = AccentColor;
				CODE_SIGN_STYLE = Automatic;
				CURRENT_PROJECT_VERSION = 1;
				GENERATE_INFOPLIST_FILE = YES;
				INFOPLIST_FILE = ColdCallNorahAsiri/Info.plist;
				INFOPLIST_KEY_UIApplicationSupportsIndirectInputEvents = YES;
				INFOPLIST_KEY_UILaunchStoryboardName = LaunchScreen;
				INFOPLIST_KEY_UIMainStoryboardFile = Main;
				INFOPLIST_KEY_UISupportedInterfaceOrientations = "UIInterfaceOrientationPortrait UIInterfaceOrientationPortraitUpsideDown UIInterfaceOrientationLandscapeLeft UIInterfaceOrientationLandscapeRight";
				INFOPLIST_KEY_UISupportedInterfaceOrientations_iPad = "UIInterfaceOrientationPortrait UIInterfaceOrientationPortraitUpsideDown UIInterfaceOrientationLandscapeLeft UIInterfaceOrientationLandscapeRight";
				INFOPLIST_KEY_UISupportedInterfaceOrientations_iPhone = "UIInterfaceOrientationPortrait UIInterfaceOrientationLandscapeLeft UIInterfaceOrientationLandscapeRight";
				LD_RUNPATH_SEARCH_PATHS = (
					"$(inherited)",
					"@executable_path/Frameworks",
				);
				MARKETING_VERSION = 1.0;
				PRODUCT_BUNDLE_IDENTIFIER = com.NorahAsiri.test.ColdCallNorahAsiri;
				PRODUCT_NAME = "$(TARGET_NAME)";
				SWIFT_EMIT_LOC_STRINGS = YES;
				SWIFT_VERSION = 5.0;
				TARGETED_DEVICE_FAMILY = "1,2";
			};
			name = Debug;
		};
		84DE9502275D8791001F33F7 /* Release */ = {
			isa = XCBuildConfiguration;
			buildSettings = {
				ASSETCATALOG_COMPILER_APPICON_NAME = AppIcon;
				ASSETCATALOG_COMPILER_GLOBAL_ACCENT_COLOR_NAME = AccentColor;
				CODE_SIGN_STYLE = Automatic;
				CURRENT_PROJECT_VERSION = 1;
				GENERATE_INFOPLIST_FILE = YES;
				INFOPLIST_FILE = ColdCallNorahAsiri/Info.plist;
				INFOPLIST_KEY_UIApplicationSupportsIndirectInputEvents = YES;
				INFOPLIST_KEY_UILaunchStoryboardName = LaunchScreen;
				INFOPLIST_KEY_UIMainStoryboardFile = Main;
				INFOPLIST_KEY_UISupportedInterfaceOrientations = "UIInterfaceOrientationPortrait UIInterfaceOrientationPortraitUpsideDown UIInterfaceOrientationLandscapeLeft UIInterfaceOrientationLandscapeRight";
				INFOPLIST_KEY_UISupportedInterfaceOrientations_iPad = "UIInterfaceOrientationPortrait UIInterfaceOrientationPortraitUpsideDown UIInterfaceOrientationLandscapeLeft UIInterfaceOrientationLandscapeRight";
				INFOPLIST_KEY_UISupportedInterfaceOrientations_iPhone = "UIInterfaceOrientationPortrait UIInterfaceOrientationLandscapeLeft UIInterfaceOrientationLandscapeRight";
				LD_RUNPATH_SEARCH_PATHS = (
					"$(inherited)",
					"@executable_path/Frameworks",
				);
				MARKETING_VERSION = 1.0;
				PRODUCT_BUNDLE_IDENTIFIER = com.NorahAsiri.test.ColdCallNorahAsiri;
				PRODUCT_NAME = "$(TARGET_NAME)";
				SWIFT_EMIT_LOC_STRINGS = YES;
				SWIFT_VERSION = 5.0;
				TARGETED_DEVICE_FAMILY = "1,2";
			};
			name = Release;
		};
		84DE9504275D8791001F33F7 /* Debug */ = {
			isa = XCBuildConfiguration;
			buildSettings = {
				ALWAYS_EMBED_SWIFT_STANDARD_LIBRARIES = YES;
				BUNDLE_LOADER = "$(TEST_HOST)";
				CODE_SIGN_STYLE = Automatic;
				CURRENT_PROJECT_VERSION = 1;
				GENERATE_INFOPLIST_FILE = YES;
				IPHONEOS_DEPLOYMENT_TARGET = 15.0;
				LD_RUNPATH_SEARCH_PATHS = (
					"$(inherited)",
					"@executable_path/Frameworks",
					"@loader_path/Frameworks",
				);
				MARKETING_VERSION = 1.0;
				PRODUCT_BUNDLE_IDENTIFIER = com.NorahAsiri.test.ColdCallNorahAsiriTests;
				PRODUCT_NAME = "$(TARGET_NAME)";
				SWIFT_EMIT_LOC_STRINGS = NO;
				SWIFT_VERSION = 5.0;
				TARGETED_DEVICE_FAMILY = "1,2";
				TEST_HOST = "$(BUILT_PRODUCTS_DIR)/ColdCallNorahAsiri.app/ColdCallNorahAsiri";
			};
			name = Debug;
		};
		84DE9505275D8791001F33F7 /* Release */ = {
			isa = XCBuildConfiguration;
			buildSettings = {
				ALWAYS_EMBED_SWIFT_STANDARD_LIBRARIES = YES;
				BUNDLE_LOADER = "$(TEST_HOST)";
				CODE_SIGN_STYLE = Automatic;
				CURRENT_PROJECT_VERSION = 1;
				GENERATE_INFOPLIST_FILE = YES;
				IPHONEOS_DEPLOYMENT_TARGET = 15.0;
				LD_RUNPATH_SEARCH_PATHS = (
					"$(inherited)",
					"@executable_path/Frameworks",
					"@loader_path/Frameworks",
				);
				MARKETING_VERSION = 1.0;
				PRODUCT_BUNDLE_IDENTIFIER = com.NorahAsiri.test.ColdCallNorahAsiriTests;
				PRODUCT_NAME = "$(TARGET_NAME)";
				SWIFT_EMIT_LOC_STRINGS = NO;
				SWIFT_VERSION = 5.0;
				TARGETED_DEVICE_FAMILY = "1,2";
				TEST_HOST = "$(BUILT_PRODUCTS_DIR)/ColdCallNorahAsiri.app/ColdCallNorahAsiri";
			};
			name = Release;
		};
		84DE9507275D8791001F33F7 /* Debug */ = {
			isa = XCBuildConfiguration;
			buildSettings = {
				ALWAYS_EMBED_SWIFT_STANDARD_LIBRARIES = YES;
				CODE_SIGN_STYLE = Automatic;
				CURRENT_PROJECT_VERSION = 1;
				GENERATE_INFOPLIST_FILE = YES;
				LD_RUNPATH_SEARCH_PATHS = (
					"$(inherited)",
					"@executable_path/Frameworks",
					"@loader_path/Frameworks",
				);
				MARKETING_VERSION = 1.0;
				PRODUCT_BUNDLE_IDENTIFIER = com.NorahAsiri.test.ColdCallNorahAsiriUITests;
				PRODUCT_NAME = "$(TARGET_NAME)";
				SWIFT_EMIT_LOC_STRINGS = NO;
				SWIFT_VERSION = 5.0;
				TARGETED_DEVICE_FAMILY = "1,2";
				TEST_TARGET_NAME = ColdCallNorahAsiri;
			};
			name = Debug;
		};
		84DE9508275D8791001F33F7 /* Release */ = {
			isa = XCBuildConfiguration;
			buildSettings = {
				ALWAYS_EMBED_SWIFT_STANDARD_LIBRARIES = YES;
				CODE_SIGN_STYLE = Automatic;
				CURRENT_PROJECT_VERSION = 1;
				GENERATE_INFOPLIST_FILE = YES;
				LD_RUNPATH_SEARCH_PATHS = (
					"$(inherited)",
					"@executable_path/Frameworks",
					"@loader_path/Frameworks",
				);
				MARKETING_VERSION = 1.0;
				PRODUCT_BUNDLE_IDENTIFIER = com.NorahAsiri.test.ColdCallNorahAsiriUITests;
				PRODUCT_NAME = "$(TARGET_NAME)";
				SWIFT_EMIT_LOC_STRINGS = NO;
				SWIFT_VERSION = 5.0;
				TARGETED_DEVICE_FAMILY = "1,2";
				TEST_TARGET_NAME = ColdCallNorahAsiri;
			};
			name = Release;
		};
/* End XCBuildConfiguration section */

/* Begin XCConfigurationList section */
		84DE94D1275D878F001F33F7 /* Build configuration list for PBXProject "ColdCallNorahAsiri" */ = {
			isa = XCConfigurationList;
			buildConfigurations = (
				84DE94FE275D8791001F33F7 /* Debug */,
				84DE94FF275D8791001F33F7 /* Release */,
			);
			defaultConfigurationIsVisible = 0;
			defaultConfigurationName = Release;
		};
		84DE9500275D8791001F33F7 /* Build configuration list for PBXNativeTarget "ColdCallNorahAsiri" */ = {
			isa = XCConfigurationList;
			buildConfigurations = (
				84DE9501275D8791001F33F7 /* Debug */,
				84DE9502275D8791001F33F7 /* Release */,
			);
			defaultConfigurationIsVisible = 0;
			defaultConfigurationName = Release;
		};
		84DE9503275D8791001F33F7 /* Build configuration list for PBXNativeTarget "ColdCallNorahAsiriTests" */ = {
			isa = XCConfigurationList;
			buildConfigurations = (
				84DE9504275D8791001F33F7 /* Debug */,
				84DE9505275D8791001F33F7 /* Release */,
			);
			defaultConfigurationIsVisible = 0;
			defaultConfigurationName = Release;
		};
		84DE9506275D8791001F33F7 /* Build configuration list for PBXNativeTarget "ColdCallNorahAsiriUITests" */ = {
			isa = XCConfigurationList;
			buildConfigurations = (
				84DE9507275D8791001F33F7 /* Debug */,
				84DE9508275D8791001F33F7 /* Release */,
			);
			defaultConfigurationIsVisible = 0;
			defaultConfigurationName = Release;
		};
/* End XCConfigurationList section */
	};
	rootObject = 84DE94CE275D878F001F33F7 /* Project object */;
}
