// !$*UTF8*$!
{
	archiveVersion = 1;
	classes = {
	};
	objectVersion = 55;
	objects = {

/* Begin PBXBuildFile section */
		C36B1A382784778B000D336C /* AppDelegate.swift in Sources */ = {isa = PBXBuildFile; fileRef = C36B1A372784778B000D336C /* AppDelegate.swift */; };
		C36B1A3A2784778B000D336C /* SceneDelegate.swift in Sources */ = {isa = PBXBuildFile; fileRef = C36B1A392784778B000D336C /* SceneDelegate.swift */; };
		C36B1A3C2784778B000D336C /* ViewController.swift in Sources */ = {isa = PBXBuildFile; fileRef = C36B1A3B2784778B000D336C /* ViewController.swift */; };
		C36B1A3F2784778B000D336C /* Main.storyboard in Resources */ = {isa = PBXBuildFile; fileRef = C36B1A3D2784778B000D336C /* Main.storyboard */; };
		C36B1A412784778D000D336C /* Assets.xcassets in Resources */ = {isa = PBXBuildFile; fileRef = C36B1A402784778D000D336C /* Assets.xcassets */; };
		C36B1A442784778D000D336C /* LaunchScreen.storyboard in Resources */ = {isa = PBXBuildFile; fileRef = C36B1A422784778D000D336C /* LaunchScreen.storyboard */; };
		C36B1A4C278478E3000D336C /* GoogleService-Info.plist in Resources */ = {isa = PBXBuildFile; fileRef = C36B1A4B278478E3000D336C /* GoogleService-Info.plist */; };
		C36B1A4F27847978000D336C /* FirebaseAnalytics in Frameworks */ = {isa = PBXBuildFile; productRef = C36B1A4E27847978000D336C /* FirebaseAnalytics */; };
		C36B1A5127847978000D336C /* FirebaseAuth in Frameworks */ = {isa = PBXBuildFile; productRef = C36B1A5027847978000D336C /* FirebaseAuth */; };
		C36B1A5327847978000D336C /* FirebaseDatabase in Frameworks */ = {isa = PBXBuildFile; productRef = C36B1A5227847978000D336C /* FirebaseDatabase */; };
		C36B1A5527847978000D336C /* FirebaseStorage in Frameworks */ = {isa = PBXBuildFile; productRef = C36B1A5427847978000D336C /* FirebaseStorage */; };
		C36B1A5727847DCC000D336C /* LoginViewController.swift in Sources */ = {isa = PBXBuildFile; fileRef = C36B1A5627847DCC000D336C /* LoginViewController.swift */; };
		C36B1A5927847E0A000D336C /* RegisterViewController.swift in Sources */ = {isa = PBXBuildFile; fileRef = C36B1A5827847E0A000D336C /* RegisterViewController.swift */; };
		C36B1A5B27847E2F000D336C /* NewConversationViewController.swift in Sources */ = {isa = PBXBuildFile; fileRef = C36B1A5A27847E2F000D336C /* NewConversationViewController.swift */; };
		C36B1A5D27847E49000D336C /* ProfileViewController.swift in Sources */ = {isa = PBXBuildFile; fileRef = C36B1A5C27847E49000D336C /* ProfileViewController.swift */; };
		C36B1A5F278480CC000D336C /* ConversationsViewController.swift in Sources */ = {isa = PBXBuildFile; fileRef = C36B1A5E278480CB000D336C /* ConversationsViewController.swift */; };
/* End PBXBuildFile section */

/* Begin PBXFileReference section */
		C36B1A342784778B000D336C /* MessengerApp.app */ = {isa = PBXFileReference; explicitFileType = wrapper.application; includeInIndex = 0; path = MessengerApp.app; sourceTree = BUILT_PRODUCTS_DIR; };
		C36B1A372784778B000D336C /* AppDelegate.swift */ = {isa = PBXFileReference; lastKnownFileType = sourcecode.swift; path = AppDelegate.swift; sourceTree = "<group>"; };
		C36B1A392784778B000D336C /* SceneDelegate.swift */ = {isa = PBXFileReference; lastKnownFileType = sourcecode.swift; path = SceneDelegate.swift; sourceTree = "<group>"; };
		C36B1A3B2784778B000D336C /* ViewController.swift */ = {isa = PBXFileReference; lastKnownFileType = sourcecode.swift; path = ViewController.swift; sourceTree = "<group>"; };
		C36B1A3E2784778B000D336C /* Base */ = {isa = PBXFileReference; lastKnownFileType = file.storyboard; name = Base; path = Base.lproj/Main.storyboard; sourceTree = "<group>"; };
		C36B1A402784778D000D336C /* Assets.xcassets */ = {isa = PBXFileReference; lastKnownFileType = folder.assetcatalog; path = Assets.xcassets; sourceTree = "<group>"; };
		C36B1A432784778D000D336C /* Base */ = {isa = PBXFileReference; lastKnownFileType = file.storyboard; name = Base; path = Base.lproj/LaunchScreen.storyboard; sourceTree = "<group>"; };
		C36B1A452784778D000D336C /* Info.plist */ = {isa = PBXFileReference; lastKnownFileType = text.plist.xml; path = Info.plist; sourceTree = "<group>"; };
		C36B1A4B278478E3000D336C /* GoogleService-Info.plist */ = {isa = PBXFileReference; fileEncoding = 4; lastKnownFileType = text.plist.xml; path = "GoogleService-Info.plist"; sourceTree = "<group>"; };
		C36B1A5627847DCC000D336C /* LoginViewController.swift */ = {isa = PBXFileReference; lastKnownFileType = sourcecode.swift; path = LoginViewController.swift; sourceTree = "<group>"; };
		C36B1A5827847E0A000D336C /* RegisterViewController.swift */ = {isa = PBXFileReference; lastKnownFileType = sourcecode.swift; path = RegisterViewController.swift; sourceTree = "<group>"; };
		C36B1A5A27847E2F000D336C /* NewConversationViewController.swift */ = {isa = PBXFileReference; lastKnownFileType = sourcecode.swift; path = NewConversationViewController.swift; sourceTree = "<group>"; };
		C36B1A5C27847E49000D336C /* ProfileViewController.swift */ = {isa = PBXFileReference; lastKnownFileType = sourcecode.swift; path = ProfileViewController.swift; sourceTree = "<group>"; };
		C36B1A5E278480CB000D336C /* ConversationsViewController.swift */ = {isa = PBXFileReference; lastKnownFileType = sourcecode.swift; path = ConversationsViewController.swift; sourceTree = "<group>"; };
/* End PBXFileReference section */

/* Begin PBXFrameworksBuildPhase section */
		C36B1A312784778B000D336C /* Frameworks */ = {
			isa = PBXFrameworksBuildPhase;
			buildActionMask = 2147483647;
			files = (
				C36B1A5327847978000D336C /* FirebaseDatabase in Frameworks */,
				C36B1A5527847978000D336C /* FirebaseStorage in Frameworks */,
				C36B1A4F27847978000D336C /* FirebaseAnalytics in Frameworks */,
				C36B1A5127847978000D336C /* FirebaseAuth in Frameworks */,
			);
			runOnlyForDeploymentPostprocessing = 0;
		};
/* End PBXFrameworksBuildPhase section */

/* Begin PBXGroup section */
		C36B1A2B2784778B000D336C = {
			isa = PBXGroup;
			children = (
				C36B1A362784778B000D336C /* MessengerApp */,
				C36B1A352784778B000D336C /* Products */,
			);
			sourceTree = "<group>";
		};
		C36B1A352784778B000D336C /* Products */ = {
			isa = PBXGroup;
			children = (
				C36B1A342784778B000D336C /* MessengerApp.app */,
			);
			name = Products;
			sourceTree = "<group>";
		};
		C36B1A362784778B000D336C /* MessengerApp */ = {
			isa = PBXGroup;
			children = (
				C36B1A372784778B000D336C /* AppDelegate.swift */,
				C36B1A392784778B000D336C /* SceneDelegate.swift */,
				C36B1A3B2784778B000D336C /* ViewController.swift */,
				C36B1A3D2784778B000D336C /* Main.storyboard */,
				C36B1A402784778D000D336C /* Assets.xcassets */,
				C36B1A422784778D000D336C /* LaunchScreen.storyboard */,
				C36B1A452784778D000D336C /* Info.plist */,
				C36B1A4B278478E3000D336C /* GoogleService-Info.plist */,
				C36B1A5627847DCC000D336C /* LoginViewController.swift */,
				C36B1A5827847E0A000D336C /* RegisterViewController.swift */,
				C36B1A5A27847E2F000D336C /* NewConversationViewController.swift */,
				C36B1A5C27847E49000D336C /* ProfileViewController.swift */,
				C36B1A5E278480CB000D336C /* ConversationsViewController.swift */,
			);
			path = MessengerApp;
			sourceTree = "<group>";
		};
/* End PBXGroup section */

/* Begin PBXNativeTarget section */
		C36B1A332784778B000D336C /* MessengerApp */ = {
			isa = PBXNativeTarget;
			buildConfigurationList = C36B1A482784778D000D336C /* Build configuration list for PBXNativeTarget "MessengerApp" */;
			buildPhases = (
				C36B1A302784778B000D336C /* Sources */,
				C36B1A312784778B000D336C /* Frameworks */,
				C36B1A322784778B000D336C /* Resources */,
			);
			buildRules = (
			);
			dependencies = (
			);
			name = MessengerApp;
			packageProductDependencies = (
				C36B1A4E27847978000D336C /* FirebaseAnalytics */,
				C36B1A5027847978000D336C /* FirebaseAuth */,
				C36B1A5227847978000D336C /* FirebaseDatabase */,
				C36B1A5427847978000D336C /* FirebaseStorage */,
			);
			productName = MessengerApp;
			productReference = C36B1A342784778B000D336C /* MessengerApp.app */;
			productType = "com.apple.product-type.application";
		};
/* End PBXNativeTarget section */

/* Begin PBXProject section */
		C36B1A2C2784778B000D336C /* Project object */ = {
			isa = PBXProject;
			attributes = {
				BuildIndependentTargetsInParallel = 1;
				LastSwiftUpdateCheck = 1320;
				LastUpgradeCheck = 1320;
				TargetAttributes = {
					C36B1A332784778B000D336C = {
						CreatedOnToolsVersion = 13.2.1;
					};
				};
			};
			buildConfigurationList = C36B1A2F2784778B000D336C /* Build configuration list for PBXProject "MessengerApp" */;
			compatibilityVersion = "Xcode 13.0";
			developmentRegion = en;
			hasScannedForEncodings = 0;
			knownRegions = (
				en,
				Base,
			);
			mainGroup = C36B1A2B2784778B000D336C;
			packageReferences = (
				C36B1A4D27847978000D336C /* XCRemoteSwiftPackageReference "firebase-ios-sdk" */,
			);
			productRefGroup = C36B1A352784778B000D336C /* Products */;
			projectDirPath = "";
			projectRoot = "";
			targets = (
				C36B1A332784778B000D336C /* MessengerApp */,
			);
		};
/* End PBXProject section */

/* Begin PBXResourcesBuildPhase section */
		C36B1A322784778B000D336C /* Resources */ = {
			isa = PBXResourcesBuildPhase;
			buildActionMask = 2147483647;
			files = (
				C36B1A442784778D000D336C /* LaunchScreen.storyboard in Resources */,
				C36B1A4C278478E3000D336C /* GoogleService-Info.plist in Resources */,
				C36B1A412784778D000D336C /* Assets.xcassets in Resources */,
				C36B1A3F2784778B000D336C /* Main.storyboard in Resources */,
			);
			runOnlyForDeploymentPostprocessing = 0;
		};
/* End PBXResourcesBuildPhase section */

/* Begin PBXSourcesBuildPhase section */
		C36B1A302784778B000D336C /* Sources */ = {
			isa = PBXSourcesBuildPhase;
			buildActionMask = 2147483647;
			files = (
				C36B1A5B27847E2F000D336C /* NewConversationViewController.swift in Sources */,
				C36B1A5727847DCC000D336C /* LoginViewController.swift in Sources */,
				C36B1A5927847E0A000D336C /* RegisterViewController.swift in Sources */,
				C36B1A5F278480CC000D336C /* ConversationsViewController.swift in Sources */,
				C36B1A3C2784778B000D336C /* ViewController.swift in Sources */,
				C36B1A5D27847E49000D336C /* ProfileViewController.swift in Sources */,
				C36B1A382784778B000D336C /* AppDelegate.swift in Sources */,
				C36B1A3A2784778B000D336C /* SceneDelegate.swift in Sources */,
			);
			runOnlyForDeploymentPostprocessing = 0;
		};
/* End PBXSourcesBuildPhase section */

/* Begin PBXVariantGroup section */
		C36B1A3D2784778B000D336C /* Main.storyboard */ = {
			isa = PBXVariantGroup;
			children = (
				C36B1A3E2784778B000D336C /* Base */,
			);
			name = Main.storyboard;
			sourceTree = "<group>";
		};
		C36B1A422784778D000D336C /* LaunchScreen.storyboard */ = {
			isa = PBXVariantGroup;
			children = (
				C36B1A432784778D000D336C /* Base */,
			);
			name = LaunchScreen.storyboard;
			sourceTree = "<group>";
		};
/* End PBXVariantGroup section */

/* Begin XCBuildConfiguration section */
		C36B1A462784778D000D336C /* Debug */ = {
			isa = XCBuildConfiguration;
			buildSettings = {
				ALWAYS_SEARCH_USER_PATHS = NO;
				CLANG_ANALYZER_NONNULL = YES;
				CLANG_ANALYZER_NUMBER_OBJECT_CONVERSION = YES_AGGRESSIVE;
				CLANG_CXX_LANGUAGE_STANDARD = "gnu++17";
				CLANG_CXX_LIBRARY = "libc++";
				CLANG_ENABLE_MODULES = YES;
				CLANG_ENABLE_OBJC_ARC = YES;
				CLANG_ENABLE_OBJC_WEAK = YES;
				CLANG_WARN_BLOCK_CAPTURE_AUTORELEASING = YES;
				CLANG_WARN_BOOL_CONVERSION = YES;
				CLANG_WARN_COMMA = YES;
				CLANG_WARN_CONSTANT_CONVERSION = YES;
				CLANG_WARN_DEPRECATED_OBJC_IMPLEMENTATIONS = YES;
				CLANG_WARN_DIRECT_OBJC_ISA_USAGE = YES_ERROR;
				CLANG_WARN_DOCUMENTATION_COMMENTS = YES;
				CLANG_WARN_EMPTY_BODY = YES;
				CLANG_WARN_ENUM_CONVERSION = YES;
				CLANG_WARN_INFINITE_RECURSION = YES;
				CLANG_WARN_INT_CONVERSION = YES;
				CLANG_WARN_NON_LITERAL_NULL_CONVERSION = YES;
				CLANG_WARN_OBJC_IMPLICIT_RETAIN_SELF = YES;
				CLANG_WARN_OBJC_LITERAL_CONVERSION = YES;
				CLANG_WARN_OBJC_ROOT_CLASS = YES_ERROR;
				CLANG_WARN_QUOTED_INCLUDE_IN_FRAMEWORK_HEADER = YES;
				CLANG_WARN_RANGE_LOOP_ANALYSIS = YES;
				CLANG_WARN_STRICT_PROTOTYPES = YES;
				CLANG_WARN_SUSPICIOUS_MOVE = YES;
				CLANG_WARN_UNGUARDED_AVAILABILITY = YES_AGGRESSIVE;
				CLANG_WARN_UNREACHABLE_CODE = YES;
				CLANG_WARN__DUPLICATE_METHOD_MATCH = YES;
				COPY_PHASE_STRIP = NO;
				DEBUG_INFORMATION_FORMAT = dwarf;
				ENABLE_STRICT_OBJC_MSGSEND = YES;
				ENABLE_TESTABILITY = YES;
				GCC_C_LANGUAGE_STANDARD = gnu11;
				GCC_DYNAMIC_NO_PIC = NO;
				GCC_NO_COMMON_BLOCKS = YES;
				GCC_OPTIMIZATION_LEVEL = 0;
				GCC_PREPROCESSOR_DEFINITIONS = (
					"DEBUG=1",
					"$(inherited)",
				);
				GCC_WARN_64_TO_32_BIT_CONVERSION = YES;
				GCC_WARN_ABOUT_RETURN_TYPE = YES_ERROR;
				GCC_WARN_UNDECLARED_SELECTOR = YES;
				GCC_WARN_UNINITIALIZED_AUTOS = YES_AGGRESSIVE;
				GCC_WARN_UNUSED_FUNCTION = YES;
				GCC_WARN_UNUSED_VARIABLE = YES;
				IPHONEOS_DEPLOYMENT_TARGET = 15.2;
				MTL_ENABLE_DEBUG_INFO = INCLUDE_SOURCE;
				MTL_FAST_MATH = YES;
				ONLY_ACTIVE_ARCH = YES;
				SDKROOT = iphoneos;
				SWIFT_ACTIVE_COMPILATION_CONDITIONS = DEBUG;
				SWIFT_OPTIMIZATION_LEVEL = "-Onone";
			};
			name = Debug;
		};
		C36B1A472784778D000D336C /* Release */ = {
			isa = XCBuildConfiguration;
			buildSettings = {
				ALWAYS_SEARCH_USER_PATHS = NO;
				CLANG_ANALYZER_NONNULL = YES;
				CLANG_ANALYZER_NUMBER_OBJECT_CONVERSION = YES_AGGRESSIVE;
				CLANG_CXX_LANGUAGE_STANDARD = "gnu++17";
				CLANG_CXX_LIBRARY = "libc++";
				CLANG_ENABLE_MODULES = YES;
				CLANG_ENABLE_OBJC_ARC = YES;
				CLANG_ENABLE_OBJC_WEAK = YES;
				CLANG_WARN_BLOCK_CAPTURE_AUTORELEASING = YES;
				CLANG_WARN_BOOL_CONVERSION = YES;
				CLANG_WARN_COMMA = YES;
				CLANG_WARN_CONSTANT_CONVERSION = YES;
				CLANG_WARN_DEPRECATED_OBJC_IMPLEMENTATIONS = YES;
				CLANG_WARN_DIRECT_OBJC_ISA_USAGE = YES_ERROR;
				CLANG_WARN_DOCUMENTATION_COMMENTS = YES;
				CLANG_WARN_EMPTY_BODY = YES;
				CLANG_WARN_ENUM_CONVERSION = YES;
				CLANG_WARN_INFINITE_RECURSION = YES;
				CLANG_WARN_INT_CONVERSION = YES;
				CLANG_WARN_NON_LITERAL_NULL_CONVERSION = YES;
				CLANG_WARN_OBJC_IMPLICIT_RETAIN_SELF = YES;
				CLANG_WARN_OBJC_LITERAL_CONVERSION = YES;
				CLANG_WARN_OBJC_ROOT_CLASS = YES_ERROR;
				CLANG_WARN_QUOTED_INCLUDE_IN_FRAMEWORK_HEADER = YES;
				CLANG_WARN_RANGE_LOOP_ANALYSIS = YES;
				CLANG_WARN_STRICT_PROTOTYPES = YES;
				CLANG_WARN_SUSPICIOUS_MOVE = YES;
				CLANG_WARN_UNGUARDED_AVAILABILITY = YES_AGGRESSIVE;
				CLANG_WARN_UNREACHABLE_CODE = YES;
				CLANG_WARN__DUPLICATE_METHOD_MATCH = YES;
				COPY_PHASE_STRIP = NO;
				DEBUG_INFORMATION_FORMAT = "dwarf-with-dsym";
				ENABLE_NS_ASSERTIONS = NO;
				ENABLE_STRICT_OBJC_MSGSEND = YES;
				GCC_C_LANGUAGE_STANDARD = gnu11;
				GCC_NO_COMMON_BLOCKS = YES;
				GCC_WARN_64_TO_32_BIT_CONVERSION = YES;
				GCC_WARN_ABOUT_RETURN_TYPE = YES_ERROR;
				GCC_WARN_UNDECLARED_SELECTOR = YES;
				GCC_WARN_UNINITIALIZED_AUTOS = YES_AGGRESSIVE;
				GCC_WARN_UNUSED_FUNCTION = YES;
				GCC_WARN_UNUSED_VARIABLE = YES;
				IPHONEOS_DEPLOYMENT_TARGET = 15.2;
				MTL_ENABLE_DEBUG_INFO = NO;
				MTL_FAST_MATH = YES;
				SDKROOT = iphoneos;
				SWIFT_COMPILATION_MODE = wholemodule;
				SWIFT_OPTIMIZATION_LEVEL = "-O";
				VALIDATE_PRODUCT = YES;
			};
			name = Release;
		};
		C36B1A492784778D000D336C /* Debug */ = {
			isa = XCBuildConfiguration;
			buildSettings = {
				ASSETCATALOG_COMPILER_APPICON_NAME = AppIcon;
				ASSETCATALOG_COMPILER_GLOBAL_ACCENT_COLOR_NAME = AccentColor;
				CODE_SIGN_STYLE = Automatic;
				CURRENT_PROJECT_VERSION = 1;
				GENERATE_INFOPLIST_FILE = YES;
				INFOPLIST_FILE = MessengerApp/Info.plist;
				INFOPLIST_KEY_UIApplicationSupportsIndirectInputEvents = YES;
				INFOPLIST_KEY_UILaunchStoryboardName = LaunchScreen;
				INFOPLIST_KEY_UIMainStoryboardFile = Main;
				INFOPLIST_KEY_UISupportedInterfaceOrientations = "UIInterfaceOrientationPortrait UIInterfaceOrientationPortraitUpsideDown UIInterfaceOrientationLandscapeLeft UIInterfaceOrientationLandscapeRight";
				INFOPLIST_KEY_UISupportedInterfaceOrientations_iPad = "UIInterfaceOrientationPortrait UIInterfaceOrientationPortraitUpsideDown UIInterfaceOrientationLandscapeLeft UIInterfaceOrientationLandscapeRight";
				INFOPLIST_KEY_UISupportedInterfaceOrientations_iPhone = "UIInterfaceOrientationPortrait UIInterfaceOrientationLandscapeLeft UIInterfaceOrientationLandscapeRight";
				LD_RUNPATH_SEARCH_PATHS = (
					"$(inherited)",
					"@executable_path/Frameworks",
				);
				MARKETING_VERSION = 1.0;
				PRODUCT_BUNDLE_IDENTIFIER = com.Norah.Asiri.MessengerApp;
				PRODUCT_NAME = "$(TARGET_NAME)";
				SWIFT_EMIT_LOC_STRINGS = YES;
				SWIFT_VERSION = 5.0;
				TARGETED_DEVICE_FAMILY = "1,2";
			};
			name = Debug;
		};
		C36B1A4A2784778D000D336C /* Release */ = {
			isa = XCBuildConfiguration;
			buildSettings = {
				ASSETCATALOG_COMPILER_APPICON_NAME = AppIcon;
				ASSETCATALOG_COMPILER_GLOBAL_ACCENT_COLOR_NAME = AccentColor;
				CODE_SIGN_STYLE = Automatic;
				CURRENT_PROJECT_VERSION = 1;
				GENERATE_INFOPLIST_FILE = YES;
				INFOPLIST_FILE = MessengerApp/Info.plist;
				INFOPLIST_KEY_UIApplicationSupportsIndirectInputEvents = YES;
				INFOPLIST_KEY_UILaunchStoryboardName = LaunchScreen;
				INFOPLIST_KEY_UIMainStoryboardFile = Main;
				INFOPLIST_KEY_UISupportedInterfaceOrientations = "UIInterfaceOrientationPortrait UIInterfaceOrientationPortraitUpsideDown UIInterfaceOrientationLandscapeLeft UIInterfaceOrientationLandscapeRight";
				INFOPLIST_KEY_UISupportedInterfaceOrientations_iPad = "UIInterfaceOrientationPortrait UIInterfaceOrientationPortraitUpsideDown UIInterfaceOrientationLandscapeLeft UIInterfaceOrientationLandscapeRight";
				INFOPLIST_KEY_UISupportedInterfaceOrientations_iPhone = "UIInterfaceOrientationPortrait UIInterfaceOrientationLandscapeLeft UIInterfaceOrientationLandscapeRight";
				LD_RUNPATH_SEARCH_PATHS = (
					"$(inherited)",
					"@executable_path/Frameworks",
				);
				MARKETING_VERSION = 1.0;
				PRODUCT_BUNDLE_IDENTIFIER = com.Norah.Asiri.MessengerApp;
				PRODUCT_NAME = "$(TARGET_NAME)";
				SWIFT_EMIT_LOC_STRINGS = YES;
				SWIFT_VERSION = 5.0;
				TARGETED_DEVICE_FAMILY = "1,2";
			};
			name = Release;
		};
/* End XCBuildConfiguration section */

/* Begin XCConfigurationList section */
		C36B1A2F2784778B000D336C /* Build configuration list for PBXProject "MessengerApp" */ = {
			isa = XCConfigurationList;
			buildConfigurations = (
				C36B1A462784778D000D336C /* Debug */,
				C36B1A472784778D000D336C /* Release */,
			);
			defaultConfigurationIsVisible = 0;
			defaultConfigurationName = Release;
		};
		C36B1A482784778D000D336C /* Build configuration list for PBXNativeTarget "MessengerApp" */ = {
			isa = XCConfigurationList;
			buildConfigurations = (
				C36B1A492784778D000D336C /* Debug */,
				C36B1A4A2784778D000D336C /* Release */,
			);
			defaultConfigurationIsVisible = 0;
			defaultConfigurationName = Release;
		};
/* End XCConfigurationList section */

/* Begin XCRemoteSwiftPackageReference section */
		C36B1A4D27847978000D336C /* XCRemoteSwiftPackageReference "firebase-ios-sdk" */ = {
			isa = XCRemoteSwiftPackageReference;
			repositoryURL = "https://github.com/firebase/firebase-ios-sdk";
			requirement = {
				branch = master;
				kind = branch;
			};
		};
/* End XCRemoteSwiftPackageReference section */

/* Begin XCSwiftPackageProductDependency section */
		C36B1A4E27847978000D336C /* FirebaseAnalytics */ = {
			isa = XCSwiftPackageProductDependency;
			package = C36B1A4D27847978000D336C /* XCRemoteSwiftPackageReference "firebase-ios-sdk" */;
			productName = FirebaseAnalytics;
		};
		C36B1A5027847978000D336C /* FirebaseAuth */ = {
			isa = XCSwiftPackageProductDependency;
			package = C36B1A4D27847978000D336C /* XCRemoteSwiftPackageReference "firebase-ios-sdk" */;
			productName = FirebaseAuth;
		};
		C36B1A5227847978000D336C /* FirebaseDatabase */ = {
			isa = XCSwiftPackageProductDependency;
			package = C36B1A4D27847978000D336C /* XCRemoteSwiftPackageReference "firebase-ios-sdk" */;
			productName = FirebaseDatabase;
		};
		C36B1A5427847978000D336C /* FirebaseStorage */ = {
			isa = XCSwiftPackageProductDependency;
			package = C36B1A4D27847978000D336C /* XCRemoteSwiftPackageReference "firebase-ios-sdk" */;
			productName = FirebaseStorage;
		};
/* End XCSwiftPackageProductDependency section */
	};
	rootObject = C36B1A2C2784778B000D336C /* Project object */;
}
