// !$*UTF8*$!
{
	archiveVersion = 1;
	classes = {
	};
	objectVersion = 55;
	objects = {

/* Begin PBXBuildFile section */
		8479103E276BC26700955507 /* AppDelegate.swift in Sources */ = {isa = PBXBuildFile; fileRef = 8479103D276BC26700955507 /* AppDelegate.swift */; };
		84791040276BC26700955507 /* SceneDelegate.swift in Sources */ = {isa = PBXBuildFile; fileRef = 8479103F276BC26700955507 /* SceneDelegate.swift */; };
		84791042276BC26700955507 /* ViewController.swift in Sources */ = {isa = PBXBuildFile; fileRef = 84791041276BC26700955507 /* ViewController.swift */; };
		84791045276BC26700955507 /* Main.storyboard in Resources */ = {isa = PBXBuildFile; fileRef = 84791043276BC26700955507 /* Main.storyboard */; };
		84791047276BC26800955507 /* Assets.xcassets in Resources */ = {isa = PBXBuildFile; fileRef = 84791046276BC26800955507 /* Assets.xcassets */; };
		8479104A276BC26800955507 /* LaunchScreen.storyboard in Resources */ = {isa = PBXBuildFile; fileRef = 84791048276BC26800955507 /* LaunchScreen.storyboard */; };
		84791055276BC26800955507 /* PersistentTests.swift in Sources */ = {isa = PBXBuildFile; fileRef = 84791054276BC26800955507 /* PersistentTests.swift */; };
		8479105F276BC26800955507 /* PersistentUITests.swift in Sources */ = {isa = PBXBuildFile; fileRef = 8479105E276BC26800955507 /* PersistentUITests.swift */; };
		84791061276BC26800955507 /* PersistentUITestsLaunchTests.swift in Sources */ = {isa = PBXBuildFile; fileRef = 84791060276BC26800955507 /* PersistentUITestsLaunchTests.swift */; };
/* End PBXBuildFile section */

/* Begin PBXContainerItemProxy section */
		84791051276BC26800955507 /* PBXContainerItemProxy */ = {
			isa = PBXContainerItemProxy;
			containerPortal = 84791032276BC26700955507 /* Project object */;
			proxyType = 1;
			remoteGlobalIDString = 84791039276BC26700955507;
			remoteInfo = Persistent;
		};
		8479105B276BC26800955507 /* PBXContainerItemProxy */ = {
			isa = PBXContainerItemProxy;
			containerPortal = 84791032276BC26700955507 /* Project object */;
			proxyType = 1;
			remoteGlobalIDString = 84791039276BC26700955507;
			remoteInfo = Persistent;
		};
/* End PBXContainerItemProxy section */

/* Begin PBXFileReference section */
		8479103A276BC26700955507 /* Persistent.app */ = {isa = PBXFileReference; explicitFileType = wrapper.application; includeInIndex = 0; path = Persistent.app; sourceTree = BUILT_PRODUCTS_DIR; };
		8479103D276BC26700955507 /* AppDelegate.swift */ = {isa = PBXFileReference; lastKnownFileType = sourcecode.swift; path = AppDelegate.swift; sourceTree = "<group>"; };
		8479103F276BC26700955507 /* SceneDelegate.swift */ = {isa = PBXFileReference; lastKnownFileType = sourcecode.swift; path = SceneDelegate.swift; sourceTree = "<group>"; };
		84791041276BC26700955507 /* ViewController.swift */ = {isa = PBXFileReference; lastKnownFileType = sourcecode.swift; path = ViewController.swift; sourceTree = "<group>"; };
		84791044276BC26700955507 /* Base */ = {isa = PBXFileReference; lastKnownFileType = file.storyboard; name = Base; path = Base.lproj/Main.storyboard; sourceTree = "<group>"; };
		84791046276BC26800955507 /* Assets.xcassets */ = {isa = PBXFileReference; lastKnownFileType = folder.assetcatalog; path = Assets.xcassets; sourceTree = "<group>"; };
		84791049276BC26800955507 /* Base */ = {isa = PBXFileReference; lastKnownFileType = file.storyboard; name = Base; path = Base.lproj/LaunchScreen.storyboard; sourceTree = "<group>"; };
		8479104B276BC26800955507 /* Info.plist */ = {isa = PBXFileReference; lastKnownFileType = text.plist.xml; path = Info.plist; sourceTree = "<group>"; };
		84791050276BC26800955507 /* PersistentTests.xctest */ = {isa = PBXFileReference; explicitFileType = wrapper.cfbundle; includeInIndex = 0; path = PersistentTests.xctest; sourceTree = BUILT_PRODUCTS_DIR; };
		84791054276BC26800955507 /* PersistentTests.swift */ = {isa = PBXFileReference; lastKnownFileType = sourcecode.swift; path = PersistentTests.swift; sourceTree = "<group>"; };
		8479105A276BC26800955507 /* PersistentUITests.xctest */ = {isa = PBXFileReference; explicitFileType = wrapper.cfbundle; includeInIndex = 0; path = PersistentUITests.xctest; sourceTree = BUILT_PRODUCTS_DIR; };
		8479105E276BC26800955507 /* PersistentUITests.swift */ = {isa = PBXFileReference; lastKnownFileType = sourcecode.swift; path = PersistentUITests.swift; sourceTree = "<group>"; };
		84791060276BC26800955507 /* PersistentUITestsLaunchTests.swift */ = {isa = PBXFileReference; lastKnownFileType = sourcecode.swift; path = PersistentUITestsLaunchTests.swift; sourceTree = "<group>"; };
/* End PBXFileReference section */

/* Begin PBXFrameworksBuildPhase section */
		84791037276BC26700955507 /* Frameworks */ = {
			isa = PBXFrameworksBuildPhase;
			buildActionMask = 2147483647;
			files = (
			);
			runOnlyForDeploymentPostprocessing = 0;
		};
		8479104D276BC26800955507 /* Frameworks */ = {
			isa = PBXFrameworksBuildPhase;
			buildActionMask = 2147483647;
			files = (
			);
			runOnlyForDeploymentPostprocessing = 0;
		};
		84791057276BC26800955507 /* Frameworks */ = {
			isa = PBXFrameworksBuildPhase;
			buildActionMask = 2147483647;
			files = (
			);
			runOnlyForDeploymentPostprocessing = 0;
		};
/* End PBXFrameworksBuildPhase section */

/* Begin PBXGroup section */
		84791031276BC26700955507 = {
			isa = PBXGroup;
			children = (
				8479103C276BC26700955507 /* Persistent */,
				84791053276BC26800955507 /* PersistentTests */,
				8479105D276BC26800955507 /* PersistentUITests */,
				8479103B276BC26700955507 /* Products */,
			);
			sourceTree = "<group>";
		};
		8479103B276BC26700955507 /* Products */ = {
			isa = PBXGroup;
			children = (
				8479103A276BC26700955507 /* Persistent.app */,
				84791050276BC26800955507 /* PersistentTests.xctest */,
				8479105A276BC26800955507 /* PersistentUITests.xctest */,
			);
			name = Products;
			sourceTree = "<group>";
		};
		8479103C276BC26700955507 /* Persistent */ = {
			isa = PBXGroup;
			children = (
				8479103D276BC26700955507 /* AppDelegate.swift */,
				8479103F276BC26700955507 /* SceneDelegate.swift */,
				84791041276BC26700955507 /* ViewController.swift */,
				84791043276BC26700955507 /* Main.storyboard */,
				84791046276BC26800955507 /* Assets.xcassets */,
				84791048276BC26800955507 /* LaunchScreen.storyboard */,
				8479104B276BC26800955507 /* Info.plist */,
			);
			path = Persistent;
			sourceTree = "<group>";
		};
		84791053276BC26800955507 /* PersistentTests */ = {
			isa = PBXGroup;
			children = (
				84791054276BC26800955507 /* PersistentTests.swift */,
			);
			path = PersistentTests;
			sourceTree = "<group>";
		};
		8479105D276BC26800955507 /* PersistentUITests */ = {
			isa = PBXGroup;
			children = (
				8479105E276BC26800955507 /* PersistentUITests.swift */,
				84791060276BC26800955507 /* PersistentUITestsLaunchTests.swift */,
			);
			path = PersistentUITests;
			sourceTree = "<group>";
		};
/* End PBXGroup section */

/* Begin PBXNativeTarget section */
		84791039276BC26700955507 /* Persistent */ = {
			isa = PBXNativeTarget;
			buildConfigurationList = 84791064276BC26800955507 /* Build configuration list for PBXNativeTarget "Persistent" */;
			buildPhases = (
				84791036276BC26700955507 /* Sources */,
				84791037276BC26700955507 /* Frameworks */,
				84791038276BC26700955507 /* Resources */,
			);
			buildRules = (
			);
			dependencies = (
			);
			name = Persistent;
			productName = Persistent;
			productReference = 8479103A276BC26700955507 /* Persistent.app */;
			productType = "com.apple.product-type.application";
		};
		8479104F276BC26800955507 /* PersistentTests */ = {
			isa = PBXNativeTarget;
			buildConfigurationList = 84791067276BC26800955507 /* Build configuration list for PBXNativeTarget "PersistentTests" */;
			buildPhases = (
				8479104C276BC26800955507 /* Sources */,
				8479104D276BC26800955507 /* Frameworks */,
				8479104E276BC26800955507 /* Resources */,
			);
			buildRules = (
			);
			dependencies = (
				84791052276BC26800955507 /* PBXTargetDependency */,
			);
			name = PersistentTests;
			productName = PersistentTests;
			productReference = 84791050276BC26800955507 /* PersistentTests.xctest */;
			productType = "com.apple.product-type.bundle.unit-test";
		};
		84791059276BC26800955507 /* PersistentUITests */ = {
			isa = PBXNativeTarget;
			buildConfigurationList = 8479106A276BC26800955507 /* Build configuration list for PBXNativeTarget "PersistentUITests" */;
			buildPhases = (
				84791056276BC26800955507 /* Sources */,
				84791057276BC26800955507 /* Frameworks */,
				84791058276BC26800955507 /* Resources */,
			);
			buildRules = (
			);
			dependencies = (
				8479105C276BC26800955507 /* PBXTargetDependency */,
			);
			name = PersistentUITests;
			productName = PersistentUITests;
			productReference = 8479105A276BC26800955507 /* PersistentUITests.xctest */;
			productType = "com.apple.product-type.bundle.ui-testing";
		};
/* End PBXNativeTarget section */

/* Begin PBXProject section */
		84791032276BC26700955507 /* Project object */ = {
			isa = PBXProject;
			attributes = {
				BuildIndependentTargetsInParallel = 1;
				LastSwiftUpdateCheck = 1310;
				LastUpgradeCheck = 1310;
				TargetAttributes = {
					84791039276BC26700955507 = {
						CreatedOnToolsVersion = 13.1;
					};
					8479104F276BC26800955507 = {
						CreatedOnToolsVersion = 13.1;
						TestTargetID = 84791039276BC26700955507;
					};
					84791059276BC26800955507 = {
						CreatedOnToolsVersion = 13.1;
						TestTargetID = 84791039276BC26700955507;
					};
				};
			};
			buildConfigurationList = 84791035276BC26700955507 /* Build configuration list for PBXProject "Persistent" */;
			compatibilityVersion = "Xcode 13.0";
			developmentRegion = en;
			hasScannedForEncodings = 0;
			knownRegions = (
				en,
				Base,
			);
			mainGroup = 84791031276BC26700955507;
			productRefGroup = 8479103B276BC26700955507 /* Products */;
			projectDirPath = "";
			projectRoot = "";
			targets = (
				84791039276BC26700955507 /* Persistent */,
				8479104F276BC26800955507 /* PersistentTests */,
				84791059276BC26800955507 /* PersistentUITests */,
			);
		};
/* End PBXProject section */

/* Begin PBXResourcesBuildPhase section */
		84791038276BC26700955507 /* Resources */ = {
			isa = PBXResourcesBuildPhase;
			buildActionMask = 2147483647;
			files = (
				8479104A276BC26800955507 /* LaunchScreen.storyboard in Resources */,
				84791047276BC26800955507 /* Assets.xcassets in Resources */,
				84791045276BC26700955507 /* Main.storyboard in Resources */,
			);
			runOnlyForDeploymentPostprocessing = 0;
		};
		8479104E276BC26800955507 /* Resources */ = {
			isa = PBXResourcesBuildPhase;
			buildActionMask = 2147483647;
			files = (
			);
			runOnlyForDeploymentPostprocessing = 0;
		};
		84791058276BC26800955507 /* Resources */ = {
			isa = PBXResourcesBuildPhase;
			buildActionMask = 2147483647;
			files = (
			);
			runOnlyForDeploymentPostprocessing = 0;
		};
/* End PBXResourcesBuildPhase section */

/* Begin PBXSourcesBuildPhase section */
		84791036276BC26700955507 /* Sources */ = {
			isa = PBXSourcesBuildPhase;
			buildActionMask = 2147483647;
			files = (
				84791042276BC26700955507 /* ViewController.swift in Sources */,
				8479103E276BC26700955507 /* AppDelegate.swift in Sources */,
				84791040276BC26700955507 /* SceneDelegate.swift in Sources */,
			);
			runOnlyForDeploymentPostprocessing = 0;
		};
		8479104C276BC26800955507 /* Sources */ = {
			isa = PBXSourcesBuildPhase;
			buildActionMask = 2147483647;
			files = (
				84791055276BC26800955507 /* PersistentTests.swift in Sources */,
			);
			runOnlyForDeploymentPostprocessing = 0;
		};
		84791056276BC26800955507 /* Sources */ = {
			isa = PBXSourcesBuildPhase;
			buildActionMask = 2147483647;
			files = (
				8479105F276BC26800955507 /* PersistentUITests.swift in Sources */,
				84791061276BC26800955507 /* PersistentUITestsLaunchTests.swift in Sources */,
			);
			runOnlyForDeploymentPostprocessing = 0;
		};
/* End PBXSourcesBuildPhase section */

/* Begin PBXTargetDependency section */
		84791052276BC26800955507 /* PBXTargetDependency */ = {
			isa = PBXTargetDependency;
			target = 84791039276BC26700955507 /* Persistent */;
			targetProxy = 84791051276BC26800955507 /* PBXContainerItemProxy */;
		};
		8479105C276BC26800955507 /* PBXTargetDependency */ = {
			isa = PBXTargetDependency;
			target = 84791039276BC26700955507 /* Persistent */;
			targetProxy = 8479105B276BC26800955507 /* PBXContainerItemProxy */;
		};
/* End PBXTargetDependency section */

/* Begin PBXVariantGroup section */
		84791043276BC26700955507 /* Main.storyboard */ = {
			isa = PBXVariantGroup;
			children = (
				84791044276BC26700955507 /* Base */,
			);
			name = Main.storyboard;
			sourceTree = "<group>";
		};
		84791048276BC26800955507 /* LaunchScreen.storyboard */ = {
			isa = PBXVariantGroup;
			children = (
				84791049276BC26800955507 /* Base */,
			);
			name = LaunchScreen.storyboard;
			sourceTree = "<group>";
		};
/* End PBXVariantGroup section */

/* Begin XCBuildConfiguration section */
		84791062276BC26800955507 /* Debug */ = {
			isa = XCBuildConfiguration;
			buildSettings = {
				ALWAYS_SEARCH_USER_PATHS = NO;
				CLANG_ANALYZER_NONNULL = YES;
				CLANG_ANALYZER_NUMBER_OBJECT_CONVERSION = YES_AGGRESSIVE;
				CLANG_CXX_LANGUAGE_STANDARD = "gnu++17";
				CLANG_CXX_LIBRARY = "libc++";
				CLANG_ENABLE_MODULES = YES;
				CLANG_ENABLE_OBJC_ARC = YES;
				CLANG_ENABLE_OBJC_WEAK = YES;
				CLANG_WARN_BLOCK_CAPTURE_AUTORELEASING = YES;
				CLANG_WARN_BOOL_CONVERSION = YES;
				CLANG_WARN_COMMA = YES;
				CLANG_WARN_CONSTANT_CONVERSION = YES;
				CLANG_WARN_DEPRECATED_OBJC_IMPLEMENTATIONS = YES;
				CLANG_WARN_DIRECT_OBJC_ISA_USAGE = YES_ERROR;
				CLANG_WARN_DOCUMENTATION_COMMENTS = YES;
				CLANG_WARN_EMPTY_BODY = YES;
				CLANG_WARN_ENUM_CONVERSION = YES;
				CLANG_WARN_INFINITE_RECURSION = YES;
				CLANG_WARN_INT_CONVERSION = YES;
				CLANG_WARN_NON_LITERAL_NULL_CONVERSION = YES;
				CLANG_WARN_OBJC_IMPLICIT_RETAIN_SELF = YES;
				CLANG_WARN_OBJC_LITERAL_CONVERSION = YES;
				CLANG_WARN_OBJC_ROOT_CLASS = YES_ERROR;
				CLANG_WARN_QUOTED_INCLUDE_IN_FRAMEWORK_HEADER = YES;
				CLANG_WARN_RANGE_LOOP_ANALYSIS = YES;
				CLANG_WARN_STRICT_PROTOTYPES = YES;
				CLANG_WARN_SUSPICIOUS_MOVE = YES;
				CLANG_WARN_UNGUARDED_AVAILABILITY = YES_AGGRESSIVE;
				CLANG_WARN_UNREACHABLE_CODE = YES;
				CLANG_WARN__DUPLICATE_METHOD_MATCH = YES;
				COPY_PHASE_STRIP = NO;
				DEBUG_INFORMATION_FORMAT = dwarf;
				ENABLE_STRICT_OBJC_MSGSEND = YES;
				ENABLE_TESTABILITY = YES;
				GCC_C_LANGUAGE_STANDARD = gnu11;
				GCC_DYNAMIC_NO_PIC = NO;
				GCC_NO_COMMON_BLOCKS = YES;
				GCC_OPTIMIZATION_LEVEL = 0;
				GCC_PREPROCESSOR_DEFINITIONS = (
					"DEBUG=1",
					"$(inherited)",
				);
				GCC_WARN_64_TO_32_BIT_CONVERSION = YES;
				GCC_WARN_ABOUT_RETURN_TYPE = YES_ERROR;
				GCC_WARN_UNDECLARED_SELECTOR = YES;
				GCC_WARN_UNINITIALIZED_AUTOS = YES_AGGRESSIVE;
				GCC_WARN_UNUSED_FUNCTION = YES;
				GCC_WARN_UNUSED_VARIABLE = YES;
				IPHONEOS_DEPLOYMENT_TARGET = 15.0;
				MTL_ENABLE_DEBUG_INFO = INCLUDE_SOURCE;
				MTL_FAST_MATH = YES;
				ONLY_ACTIVE_ARCH = YES;
				SDKROOT = iphoneos;
				SWIFT_ACTIVE_COMPILATION_CONDITIONS = DEBUG;
				SWIFT_OPTIMIZATION_LEVEL = "-Onone";
			};
			name = Debug;
		};
		84791063276BC26800955507 /* Release */ = {
			isa = XCBuildConfiguration;
			buildSettings = {
				ALWAYS_SEARCH_USER_PATHS = NO;
				CLANG_ANALYZER_NONNULL = YES;
				CLANG_ANALYZER_NUMBER_OBJECT_CONVERSION = YES_AGGRESSIVE;
				CLANG_CXX_LANGUAGE_STANDARD = "gnu++17";
				CLANG_CXX_LIBRARY = "libc++";
				CLANG_ENABLE_MODULES = YES;
				CLANG_ENABLE_OBJC_ARC = YES;
				CLANG_ENABLE_OBJC_WEAK = YES;
				CLANG_WARN_BLOCK_CAPTURE_AUTORELEASING = YES;
				CLANG_WARN_BOOL_CONVERSION = YES;
				CLANG_WARN_COMMA = YES;
				CLANG_WARN_CONSTANT_CONVERSION = YES;
				CLANG_WARN_DEPRECATED_OBJC_IMPLEMENTATIONS = YES;
				CLANG_WARN_DIRECT_OBJC_ISA_USAGE = YES_ERROR;
				CLANG_WARN_DOCUMENTATION_COMMENTS = YES;
				CLANG_WARN_EMPTY_BODY = YES;
				CLANG_WARN_ENUM_CONVERSION = YES;
				CLANG_WARN_INFINITE_RECURSION = YES;
				CLANG_WARN_INT_CONVERSION = YES;
				CLANG_WARN_NON_LITERAL_NULL_CONVERSION = YES;
				CLANG_WARN_OBJC_IMPLICIT_RETAIN_SELF = YES;
				CLANG_WARN_OBJC_LITERAL_CONVERSION = YES;
				CLANG_WARN_OBJC_ROOT_CLASS = YES_ERROR;
				CLANG_WARN_QUOTED_INCLUDE_IN_FRAMEWORK_HEADER = YES;
				CLANG_WARN_RANGE_LOOP_ANALYSIS = YES;
				CLANG_WARN_STRICT_PROTOTYPES = YES;
				CLANG_WARN_SUSPICIOUS_MOVE = YES;
				CLANG_WARN_UNGUARDED_AVAILABILITY = YES_AGGRESSIVE;
				CLANG_WARN_UNREACHABLE_CODE = YES;
				CLANG_WARN__DUPLICATE_METHOD_MATCH = YES;
				COPY_PHASE_STRIP = NO;
				DEBUG_INFORMATION_FORMAT = "dwarf-with-dsym";
				ENABLE_NS_ASSERTIONS = NO;
				ENABLE_STRICT_OBJC_MSGSEND = YES;
				GCC_C_LANGUAGE_STANDARD = gnu11;
				GCC_NO_COMMON_BLOCKS = YES;
				GCC_WARN_64_TO_32_BIT_CONVERSION = YES;
				GCC_WARN_ABOUT_RETURN_TYPE = YES_ERROR;
				GCC_WARN_UNDECLARED_SELECTOR = YES;
				GCC_WARN_UNINITIALIZED_AUTOS = YES_AGGRESSIVE;
				GCC_WARN_UNUSED_FUNCTION = YES;
				GCC_WARN_UNUSED_VARIABLE = YES;
				IPHONEOS_DEPLOYMENT_TARGET = 15.0;
				MTL_ENABLE_DEBUG_INFO = NO;
				MTL_FAST_MATH = YES;
				SDKROOT = iphoneos;
				SWIFT_COMPILATION_MODE = wholemodule;
				SWIFT_OPTIMIZATION_LEVEL = "-O";
				VALIDATE_PRODUCT = YES;
			};
			name = Release;
		};
		84791065276BC26800955507 /* Debug */ = {
			isa = XCBuildConfiguration;
			buildSettings = {
				ASSETCATALOG_COMPILER_APPICON_NAME = AppIcon;
				ASSETCATALOG_COMPILER_GLOBAL_ACCENT_COLOR_NAME = AccentColor;
				CODE_SIGN_STYLE = Automatic;
				CURRENT_PROJECT_VERSION = 1;
				GENERATE_INFOPLIST_FILE = YES;
				INFOPLIST_FILE = Persistent/Info.plist;
				INFOPLIST_KEY_UIApplicationSupportsIndirectInputEvents = YES;
				INFOPLIST_KEY_UILaunchStoryboardName = LaunchScreen;
				INFOPLIST_KEY_UIMainStoryboardFile = Main;
				INFOPLIST_KEY_UISupportedInterfaceOrientations = "UIInterfaceOrientationPortrait UIInterfaceOrientationPortraitUpsideDown UIInterfaceOrientationLandscapeLeft UIInterfaceOrientationLandscapeRight";
				INFOPLIST_KEY_UISupportedInterfaceOrientations_iPad = "UIInterfaceOrientationPortrait UIInterfaceOrientationPortraitUpsideDown UIInterfaceOrientationLandscapeLeft UIInterfaceOrientationLandscapeRight";
				INFOPLIST_KEY_UISupportedInterfaceOrientations_iPhone = "UIInterfaceOrientationPortrait UIInterfaceOrientationLandscapeLeft UIInterfaceOrientationLandscapeRight";
				LD_RUNPATH_SEARCH_PATHS = (
					"$(inherited)",
					"@executable_path/Frameworks",
				);
				MARKETING_VERSION = 1.0;
				PRODUCT_BUNDLE_IDENTIFIER = com.NorahAsiri.Persistent;
				PRODUCT_NAME = "$(TARGET_NAME)";
				SWIFT_EMIT_LOC_STRINGS = YES;
				SWIFT_VERSION = 5.0;
				TARGETED_DEVICE_FAMILY = "1,2";
			};
			name = Debug;
		};
		84791066276BC26800955507 /* Release */ = {
			isa = XCBuildConfiguration;
			buildSettings = {
				ASSETCATALOG_COMPILER_APPICON_NAME = AppIcon;
				ASSETCATALOG_COMPILER_GLOBAL_ACCENT_COLOR_NAME = AccentColor;
				CODE_SIGN_STYLE = Automatic;
				CURRENT_PROJECT_VERSION = 1;
				GENERATE_INFOPLIST_FILE = YES;
				INFOPLIST_FILE = Persistent/Info.plist;
				INFOPLIST_KEY_UIApplicationSupportsIndirectInputEvents = YES;
				INFOPLIST_KEY_UILaunchStoryboardName = LaunchScreen;
				INFOPLIST_KEY_UIMainStoryboardFile = Main;
				INFOPLIST_KEY_UISupportedInterfaceOrientations = "UIInterfaceOrientationPortrait UIInterfaceOrientationPortraitUpsideDown UIInterfaceOrientationLandscapeLeft UIInterfaceOrientationLandscapeRight";
				INFOPLIST_KEY_UISupportedInterfaceOrientations_iPad = "UIInterfaceOrientationPortrait UIInterfaceOrientationPortraitUpsideDown UIInterfaceOrientationLandscapeLeft UIInterfaceOrientationLandscapeRight";
				INFOPLIST_KEY_UISupportedInterfaceOrientations_iPhone = "UIInterfaceOrientationPortrait UIInterfaceOrientationLandscapeLeft UIInterfaceOrientationLandscapeRight";
				LD_RUNPATH_SEARCH_PATHS = (
					"$(inherited)",
					"@executable_path/Frameworks",
				);
				MARKETING_VERSION = 1.0;
				PRODUCT_BUNDLE_IDENTIFIER = com.NorahAsiri.Persistent;
				PRODUCT_NAME = "$(TARGET_NAME)";
				SWIFT_EMIT_LOC_STRINGS = YES;
				SWIFT_VERSION = 5.0;
				TARGETED_DEVICE_FAMILY = "1,2";
			};
			name = Release;
		};
		84791068276BC26800955507 /* Debug */ = {
			isa = XCBuildConfiguration;
			buildSettings = {
				ALWAYS_EMBED_SWIFT_STANDARD_LIBRARIES = YES;
				BUNDLE_LOADER = "$(TEST_HOST)";
				CODE_SIGN_STYLE = Automatic;
				CURRENT_PROJECT_VERSION = 1;
				GENERATE_INFOPLIST_FILE = YES;
				IPHONEOS_DEPLOYMENT_TARGET = 15.0;
				LD_RUNPATH_SEARCH_PATHS = (
					"$(inherited)",
					"@executable_path/Frameworks",
					"@loader_path/Frameworks",
				);
				MARKETING_VERSION = 1.0;
				PRODUCT_BUNDLE_IDENTIFIER = com.NorahAsiri.PersistentTests;
				PRODUCT_NAME = "$(TARGET_NAME)";
				SWIFT_EMIT_LOC_STRINGS = NO;
				SWIFT_VERSION = 5.0;
				TARGETED_DEVICE_FAMILY = "1,2";
				TEST_HOST = "$(BUILT_PRODUCTS_DIR)/Persistent.app/Persistent";
			};
			name = Debug;
		};
		84791069276BC26800955507 /* Release */ = {
			isa = XCBuildConfiguration;
			buildSettings = {
				ALWAYS_EMBED_SWIFT_STANDARD_LIBRARIES = YES;
				BUNDLE_LOADER = "$(TEST_HOST)";
				CODE_SIGN_STYLE = Automatic;
				CURRENT_PROJECT_VERSION = 1;
				GENERATE_INFOPLIST_FILE = YES;
				IPHONEOS_DEPLOYMENT_TARGET = 15.0;
				LD_RUNPATH_SEARCH_PATHS = (
					"$(inherited)",
					"@executable_path/Frameworks",
					"@loader_path/Frameworks",
				);
				MARKETING_VERSION = 1.0;
				PRODUCT_BUNDLE_IDENTIFIER = com.NorahAsiri.PersistentTests;
				PRODUCT_NAME = "$(TARGET_NAME)";
				SWIFT_EMIT_LOC_STRINGS = NO;
				SWIFT_VERSION = 5.0;
				TARGETED_DEVICE_FAMILY = "1,2";
				TEST_HOST = "$(BUILT_PRODUCTS_DIR)/Persistent.app/Persistent";
			};
			name = Release;
		};
		8479106B276BC26800955507 /* Debug */ = {
			isa = XCBuildConfiguration;
			buildSettings = {
				ALWAYS_EMBED_SWIFT_STANDARD_LIBRARIES = YES;
				CODE_SIGN_STYLE = Automatic;
				CURRENT_PROJECT_VERSION = 1;
				GENERATE_INFOPLIST_FILE = YES;
				LD_RUNPATH_SEARCH_PATHS = (
					"$(inherited)",
					"@executable_path/Frameworks",
					"@loader_path/Frameworks",
				);
				MARKETING_VERSION = 1.0;
				PRODUCT_BUNDLE_IDENTIFIER = com.NorahAsiri.PersistentUITests;
				PRODUCT_NAME = "$(TARGET_NAME)";
				SWIFT_EMIT_LOC_STRINGS = NO;
				SWIFT_VERSION = 5.0;
				TARGETED_DEVICE_FAMILY = "1,2";
				TEST_TARGET_NAME = Persistent;
			};
			name = Debug;
		};
		8479106C276BC26800955507 /* Release */ = {
			isa = XCBuildConfiguration;
			buildSettings = {
				ALWAYS_EMBED_SWIFT_STANDARD_LIBRARIES = YES;
				CODE_SIGN_STYLE = Automatic;
				CURRENT_PROJECT_VERSION = 1;
				GENERATE_INFOPLIST_FILE = YES;
				LD_RUNPATH_SEARCH_PATHS = (
					"$(inherited)",
					"@executable_path/Frameworks",
					"@loader_path/Frameworks",
				);
				MARKETING_VERSION = 1.0;
				PRODUCT_BUNDLE_IDENTIFIER = com.NorahAsiri.PersistentUITests;
				PRODUCT_NAME = "$(TARGET_NAME)";
				SWIFT_EMIT_LOC_STRINGS = NO;
				SWIFT_VERSION = 5.0;
				TARGETED_DEVICE_FAMILY = "1,2";
				TEST_TARGET_NAME = Persistent;
			};
			name = Release;
		};
/* End XCBuildConfiguration section */

/* Begin XCConfigurationList section */
		84791035276BC26700955507 /* Build configuration list for PBXProject "Persistent" */ = {
			isa = XCConfigurationList;
			buildConfigurations = (
				84791062276BC26800955507 /* Debug */,
				84791063276BC26800955507 /* Release */,
			);
			defaultConfigurationIsVisible = 0;
			defaultConfigurationName = Release;
		};
		84791064276BC26800955507 /* Build configuration list for PBXNativeTarget "Persistent" */ = {
			isa = XCConfigurationList;
			buildConfigurations = (
				84791065276BC26800955507 /* Debug */,
				84791066276BC26800955507 /* Release */,
			);
			defaultConfigurationIsVisible = 0;
			defaultConfigurationName = Release;
		};
		84791067276BC26800955507 /* Build configuration list for PBXNativeTarget "PersistentTests" */ = {
			isa = XCConfigurationList;
			buildConfigurations = (
				84791068276BC26800955507 /* Debug */,
				84791069276BC26800955507 /* Release */,
			);
			defaultConfigurationIsVisible = 0;
			defaultConfigurationName = Release;
		};
		8479106A276BC26800955507 /* Build configuration list for PBXNativeTarget "PersistentUITests" */ = {
			isa = XCConfigurationList;
			buildConfigurations = (
				8479106B276BC26800955507 /* Debug */,
				8479106C276BC26800955507 /* Release */,
			);
			defaultConfigurationIsVisible = 0;
			defaultConfigurationName = Release;
		};
/* End XCConfigurationList section */
	};
	rootObject = 84791032276BC26700955507 /* Project object */;
}
