// !$*UTF8*$!
{
	archiveVersion = 1;
	classes = {
	};
	objectVersion = 55;
	objects = {

/* Begin PBXBuildFile section */
		84DE964227665557001F33F7 /* AppDelegate.swift in Sources */ = {isa = PBXBuildFile; fileRef = 84DE964127665557001F33F7 /* AppDelegate.swift */; };
		84DE964427665557001F33F7 /* SceneDelegate.swift in Sources */ = {isa = PBXBuildFile; fileRef = 84DE964327665557001F33F7 /* SceneDelegate.swift */; };
		84DE964627665557001F33F7 /* ViewController.swift in Sources */ = {isa = PBXBuildFile; fileRef = 84DE964527665557001F33F7 /* ViewController.swift */; };
		84DE964927665557001F33F7 /* Main.storyboard in Resources */ = {isa = PBXBuildFile; fileRef = 84DE964727665557001F33F7 /* Main.storyboard */; };
		84DE964B27665559001F33F7 /* Assets.xcassets in Resources */ = {isa = PBXBuildFile; fileRef = 84DE964A27665559001F33F7 /* Assets.xcassets */; };
		84DE964E27665559001F33F7 /* LaunchScreen.storyboard in Resources */ = {isa = PBXBuildFile; fileRef = 84DE964C27665559001F33F7 /* LaunchScreen.storyboard */; };
		84DE965927665559001F33F7 /* AgingPeopleTests.swift in Sources */ = {isa = PBXBuildFile; fileRef = 84DE965827665559001F33F7 /* AgingPeopleTests.swift */; };
		84DE966327665559001F33F7 /* AgingPeopleUITests.swift in Sources */ = {isa = PBXBuildFile; fileRef = 84DE966227665559001F33F7 /* AgingPeopleUITests.swift */; };
		84DE966527665559001F33F7 /* AgingPeopleUITestsLaunchTests.swift in Sources */ = {isa = PBXBuildFile; fileRef = 84DE966427665559001F33F7 /* AgingPeopleUITestsLaunchTests.swift */; };
/* End PBXBuildFile section */

/* Begin PBXContainerItemProxy section */
		84DE965527665559001F33F7 /* PBXContainerItemProxy */ = {
			isa = PBXContainerItemProxy;
			containerPortal = 84DE963627665557001F33F7 /* Project object */;
			proxyType = 1;
			remoteGlobalIDString = 84DE963D27665557001F33F7;
			remoteInfo = AgingPeople;
		};
		84DE965F27665559001F33F7 /* PBXContainerItemProxy */ = {
			isa = PBXContainerItemProxy;
			containerPortal = 84DE963627665557001F33F7 /* Project object */;
			proxyType = 1;
			remoteGlobalIDString = 84DE963D27665557001F33F7;
			remoteInfo = AgingPeople;
		};
/* End PBXContainerItemProxy section */

/* Begin PBXFileReference section */
		84DE963E27665557001F33F7 /* AgingPeople.app */ = {isa = PBXFileReference; explicitFileType = wrapper.application; includeInIndex = 0; path = AgingPeople.app; sourceTree = BUILT_PRODUCTS_DIR; };
		84DE964127665557001F33F7 /* AppDelegate.swift */ = {isa = PBXFileReference; lastKnownFileType = sourcecode.swift; path = AppDelegate.swift; sourceTree = "<group>"; };
		84DE964327665557001F33F7 /* SceneDelegate.swift */ = {isa = PBXFileReference; lastKnownFileType = sourcecode.swift; path = SceneDelegate.swift; sourceTree = "<group>"; };
		84DE964527665557001F33F7 /* ViewController.swift */ = {isa = PBXFileReference; lastKnownFileType = sourcecode.swift; path = ViewController.swift; sourceTree = "<group>"; };
		84DE964827665557001F33F7 /* Base */ = {isa = PBXFileReference; lastKnownFileType = file.storyboard; name = Base; path = Base.lproj/Main.storyboard; sourceTree = "<group>"; };
		84DE964A27665559001F33F7 /* Assets.xcassets */ = {isa = PBXFileReference; lastKnownFileType = folder.assetcatalog; path = Assets.xcassets; sourceTree = "<group>"; };
		84DE964D27665559001F33F7 /* Base */ = {isa = PBXFileReference; lastKnownFileType = file.storyboard; name = Base; path = Base.lproj/LaunchScreen.storyboard; sourceTree = "<group>"; };
		84DE964F27665559001F33F7 /* Info.plist */ = {isa = PBXFileReference; lastKnownFileType = text.plist.xml; path = Info.plist; sourceTree = "<group>"; };
		84DE965427665559001F33F7 /* AgingPeopleTests.xctest */ = {isa = PBXFileReference; explicitFileType = wrapper.cfbundle; includeInIndex = 0; path = AgingPeopleTests.xctest; sourceTree = BUILT_PRODUCTS_DIR; };
		84DE965827665559001F33F7 /* AgingPeopleTests.swift */ = {isa = PBXFileReference; lastKnownFileType = sourcecode.swift; path = AgingPeopleTests.swift; sourceTree = "<group>"; };
		84DE965E27665559001F33F7 /* AgingPeopleUITests.xctest */ = {isa = PBXFileReference; explicitFileType = wrapper.cfbundle; includeInIndex = 0; path = AgingPeopleUITests.xctest; sourceTree = BUILT_PRODUCTS_DIR; };
		84DE966227665559001F33F7 /* AgingPeopleUITests.swift */ = {isa = PBXFileReference; lastKnownFileType = sourcecode.swift; path = AgingPeopleUITests.swift; sourceTree = "<group>"; };
		84DE966427665559001F33F7 /* AgingPeopleUITestsLaunchTests.swift */ = {isa = PBXFileReference; lastKnownFileType = sourcecode.swift; path = AgingPeopleUITestsLaunchTests.swift; sourceTree = "<group>"; };
/* End PBXFileReference section */

/* Begin PBXFrameworksBuildPhase section */
		84DE963B27665557001F33F7 /* Frameworks */ = {
			isa = PBXFrameworksBuildPhase;
			buildActionMask = 2147483647;
			files = (
			);
			runOnlyForDeploymentPostprocessing = 0;
		};
		84DE965127665559001F33F7 /* Frameworks */ = {
			isa = PBXFrameworksBuildPhase;
			buildActionMask = 2147483647;
			files = (
			);
			runOnlyForDeploymentPostprocessing = 0;
		};
		84DE965B27665559001F33F7 /* Frameworks */ = {
			isa = PBXFrameworksBuildPhase;
			buildActionMask = 2147483647;
			files = (
			);
			runOnlyForDeploymentPostprocessing = 0;
		};
/* End PBXFrameworksBuildPhase section */

/* Begin PBXGroup section */
		84DE963527665557001F33F7 = {
			isa = PBXGroup;
			children = (
				84DE964027665557001F33F7 /* AgingPeople */,
				84DE965727665559001F33F7 /* AgingPeopleTests */,
				84DE966127665559001F33F7 /* AgingPeopleUITests */,
				84DE963F27665557001F33F7 /* Products */,
			);
			sourceTree = "<group>";
		};
		84DE963F27665557001F33F7 /* Products */ = {
			isa = PBXGroup;
			children = (
				84DE963E27665557001F33F7 /* AgingPeople.app */,
				84DE965427665559001F33F7 /* AgingPeopleTests.xctest */,
				84DE965E27665559001F33F7 /* AgingPeopleUITests.xctest */,
			);
			name = Products;
			sourceTree = "<group>";
		};
		84DE964027665557001F33F7 /* AgingPeople */ = {
			isa = PBXGroup;
			children = (
				84DE964127665557001F33F7 /* AppDelegate.swift */,
				84DE964327665557001F33F7 /* SceneDelegate.swift */,
				84DE964527665557001F33F7 /* ViewController.swift */,
				84DE964727665557001F33F7 /* Main.storyboard */,
				84DE964A27665559001F33F7 /* Assets.xcassets */,
				84DE964C27665559001F33F7 /* LaunchScreen.storyboard */,
				84DE964F27665559001F33F7 /* Info.plist */,
			);
			path = AgingPeople;
			sourceTree = "<group>";
		};
		84DE965727665559001F33F7 /* AgingPeopleTests */ = {
			isa = PBXGroup;
			children = (
				84DE965827665559001F33F7 /* AgingPeopleTests.swift */,
			);
			path = AgingPeopleTests;
			sourceTree = "<group>";
		};
		84DE966127665559001F33F7 /* AgingPeopleUITests */ = {
			isa = PBXGroup;
			children = (
				84DE966227665559001F33F7 /* AgingPeopleUITests.swift */,
				84DE966427665559001F33F7 /* AgingPeopleUITestsLaunchTests.swift */,
			);
			path = AgingPeopleUITests;
			sourceTree = "<group>";
		};
/* End PBXGroup section */

/* Begin PBXNativeTarget section */
		84DE963D27665557001F33F7 /* AgingPeople */ = {
			isa = PBXNativeTarget;
			buildConfigurationList = 84DE966827665559001F33F7 /* Build configuration list for PBXNativeTarget "AgingPeople" */;
			buildPhases = (
				84DE963A27665557001F33F7 /* Sources */,
				84DE963B27665557001F33F7 /* Frameworks */,
				84DE963C27665557001F33F7 /* Resources */,
			);
			buildRules = (
			);
			dependencies = (
			);
			name = AgingPeople;
			productName = AgingPeople;
			productReference = 84DE963E27665557001F33F7 /* AgingPeople.app */;
			productType = "com.apple.product-type.application";
		};
		84DE965327665559001F33F7 /* AgingPeopleTests */ = {
			isa = PBXNativeTarget;
			buildConfigurationList = 84DE966B27665559001F33F7 /* Build configuration list for PBXNativeTarget "AgingPeopleTests" */;
			buildPhases = (
				84DE965027665559001F33F7 /* Sources */,
				84DE965127665559001F33F7 /* Frameworks */,
				84DE965227665559001F33F7 /* Resources */,
			);
			buildRules = (
			);
			dependencies = (
				84DE965627665559001F33F7 /* PBXTargetDependency */,
			);
			name = AgingPeopleTests;
			productName = AgingPeopleTests;
			productReference = 84DE965427665559001F33F7 /* AgingPeopleTests.xctest */;
			productType = "com.apple.product-type.bundle.unit-test";
		};
		84DE965D27665559001F33F7 /* AgingPeopleUITests */ = {
			isa = PBXNativeTarget;
			buildConfigurationList = 84DE966E27665559001F33F7 /* Build configuration list for PBXNativeTarget "AgingPeopleUITests" */;
			buildPhases = (
				84DE965A27665559001F33F7 /* Sources */,
				84DE965B27665559001F33F7 /* Frameworks */,
				84DE965C27665559001F33F7 /* Resources */,
			);
			buildRules = (
			);
			dependencies = (
				84DE966027665559001F33F7 /* PBXTargetDependency */,
			);
			name = AgingPeopleUITests;
			productName = AgingPeopleUITests;
			productReference = 84DE965E27665559001F33F7 /* AgingPeopleUITests.xctest */;
			productType = "com.apple.product-type.bundle.ui-testing";
		};
/* End PBXNativeTarget section */

/* Begin PBXProject section */
		84DE963627665557001F33F7 /* Project object */ = {
			isa = PBXProject;
			attributes = {
				BuildIndependentTargetsInParallel = 1;
				LastSwiftUpdateCheck = 1310;
				LastUpgradeCheck = 1310;
				TargetAttributes = {
					84DE963D27665557001F33F7 = {
						CreatedOnToolsVersion = 13.1;
					};
					84DE965327665559001F33F7 = {
						CreatedOnToolsVersion = 13.1;
						TestTargetID = 84DE963D27665557001F33F7;
					};
					84DE965D27665559001F33F7 = {
						CreatedOnToolsVersion = 13.1;
						TestTargetID = 84DE963D27665557001F33F7;
					};
				};
			};
			buildConfigurationList = 84DE963927665557001F33F7 /* Build configuration list for PBXProject "AgingPeople" */;
			compatibilityVersion = "Xcode 13.0";
			developmentRegion = en;
			hasScannedForEncodings = 0;
			knownRegions = (
				en,
				Base,
			);
			mainGroup = 84DE963527665557001F33F7;
			productRefGroup = 84DE963F27665557001F33F7 /* Products */;
			projectDirPath = "";
			projectRoot = "";
			targets = (
				84DE963D27665557001F33F7 /* AgingPeople */,
				84DE965327665559001F33F7 /* AgingPeopleTests */,
				84DE965D27665559001F33F7 /* AgingPeopleUITests */,
			);
		};
/* End PBXProject section */

/* Begin PBXResourcesBuildPhase section */
		84DE963C27665557001F33F7 /* Resources */ = {
			isa = PBXResourcesBuildPhase;
			buildActionMask = 2147483647;
			files = (
				84DE964E27665559001F33F7 /* LaunchScreen.storyboard in Resources */,
				84DE964B27665559001F33F7 /* Assets.xcassets in Resources */,
				84DE964927665557001F33F7 /* Main.storyboard in Resources */,
			);
			runOnlyForDeploymentPostprocessing = 0;
		};
		84DE965227665559001F33F7 /* Resources */ = {
			isa = PBXResourcesBuildPhase;
			buildActionMask = 2147483647;
			files = (
			);
			runOnlyForDeploymentPostprocessing = 0;
		};
		84DE965C27665559001F33F7 /* Resources */ = {
			isa = PBXResourcesBuildPhase;
			buildActionMask = 2147483647;
			files = (
			);
			runOnlyForDeploymentPostprocessing = 0;
		};
/* End PBXResourcesBuildPhase section */

/* Begin PBXSourcesBuildPhase section */
		84DE963A27665557001F33F7 /* Sources */ = {
			isa = PBXSourcesBuildPhase;
			buildActionMask = 2147483647;
			files = (
				84DE964627665557001F33F7 /* ViewController.swift in Sources */,
				84DE964227665557001F33F7 /* AppDelegate.swift in Sources */,
				84DE964427665557001F33F7 /* SceneDelegate.swift in Sources */,
			);
			runOnlyForDeploymentPostprocessing = 0;
		};
		84DE965027665559001F33F7 /* Sources */ = {
			isa = PBXSourcesBuildPhase;
			buildActionMask = 2147483647;
			files = (
				84DE965927665559001F33F7 /* AgingPeopleTests.swift in Sources */,
			);
			runOnlyForDeploymentPostprocessing = 0;
		};
		84DE965A27665559001F33F7 /* Sources */ = {
			isa = PBXSourcesBuildPhase;
			buildActionMask = 2147483647;
			files = (
				84DE966527665559001F33F7 /* AgingPeopleUITestsLaunchTests.swift in Sources */,
				84DE966327665559001F33F7 /* AgingPeopleUITests.swift in Sources */,
			);
			runOnlyForDeploymentPostprocessing = 0;
		};
/* End PBXSourcesBuildPhase section */

/* Begin PBXTargetDependency section */
		84DE965627665559001F33F7 /* PBXTargetDependency */ = {
			isa = PBXTargetDependency;
			target = 84DE963D27665557001F33F7 /* AgingPeople */;
			targetProxy = 84DE965527665559001F33F7 /* PBXContainerItemProxy */;
		};
		84DE966027665559001F33F7 /* PBXTargetDependency */ = {
			isa = PBXTargetDependency;
			target = 84DE963D27665557001F33F7 /* AgingPeople */;
			targetProxy = 84DE965F27665559001F33F7 /* PBXContainerItemProxy */;
		};
/* End PBXTargetDependency section */

/* Begin PBXVariantGroup section */
		84DE964727665557001F33F7 /* Main.storyboard */ = {
			isa = PBXVariantGroup;
			children = (
				84DE964827665557001F33F7 /* Base */,
			);
			name = Main.storyboard;
			sourceTree = "<group>";
		};
		84DE964C27665559001F33F7 /* LaunchScreen.storyboard */ = {
			isa = PBXVariantGroup;
			children = (
				84DE964D27665559001F33F7 /* Base */,
			);
			name = LaunchScreen.storyboard;
			sourceTree = "<group>";
		};
/* End PBXVariantGroup section */

/* Begin XCBuildConfiguration section */
		84DE966627665559001F33F7 /* Debug */ = {
			isa = XCBuildConfiguration;
			buildSettings = {
				ALWAYS_SEARCH_USER_PATHS = NO;
				CLANG_ANALYZER_NONNULL = YES;
				CLANG_ANALYZER_NUMBER_OBJECT_CONVERSION = YES_AGGRESSIVE;
				CLANG_CXX_LANGUAGE_STANDARD = "gnu++17";
				CLANG_CXX_LIBRARY = "libc++";
				CLANG_ENABLE_MODULES = YES;
				CLANG_ENABLE_OBJC_ARC = YES;
				CLANG_ENABLE_OBJC_WEAK = YES;
				CLANG_WARN_BLOCK_CAPTURE_AUTORELEASING = YES;
				CLANG_WARN_BOOL_CONVERSION = YES;
				CLANG_WARN_COMMA = YES;
				CLANG_WARN_CONSTANT_CONVERSION = YES;
				CLANG_WARN_DEPRECATED_OBJC_IMPLEMENTATIONS = YES;
				CLANG_WARN_DIRECT_OBJC_ISA_USAGE = YES_ERROR;
				CLANG_WARN_DOCUMENTATION_COMMENTS = YES;
				CLANG_WARN_EMPTY_BODY = YES;
				CLANG_WARN_ENUM_CONVERSION = YES;
				CLANG_WARN_INFINITE_RECURSION = YES;
				CLANG_WARN_INT_CONVERSION = YES;
				CLANG_WARN_NON_LITERAL_NULL_CONVERSION = YES;
				CLANG_WARN_OBJC_IMPLICIT_RETAIN_SELF = YES;
				CLANG_WARN_OBJC_LITERAL_CONVERSION = YES;
				CLANG_WARN_OBJC_ROOT_CLASS = YES_ERROR;
				CLANG_WARN_QUOTED_INCLUDE_IN_FRAMEWORK_HEADER = YES;
				CLANG_WARN_RANGE_LOOP_ANALYSIS = YES;
				CLANG_WARN_STRICT_PROTOTYPES = YES;
				CLANG_WARN_SUSPICIOUS_MOVE = YES;
				CLANG_WARN_UNGUARDED_AVAILABILITY = YES_AGGRESSIVE;
				CLANG_WARN_UNREACHABLE_CODE = YES;
				CLANG_WARN__DUPLICATE_METHOD_MATCH = YES;
				COPY_PHASE_STRIP = NO;
				DEBUG_INFORMATION_FORMAT = dwarf;
				ENABLE_STRICT_OBJC_MSGSEND = YES;
				ENABLE_TESTABILITY = YES;
				GCC_C_LANGUAGE_STANDARD = gnu11;
				GCC_DYNAMIC_NO_PIC = NO;
				GCC_NO_COMMON_BLOCKS = YES;
				GCC_OPTIMIZATION_LEVEL = 0;
				GCC_PREPROCESSOR_DEFINITIONS = (
					"DEBUG=1",
					"$(inherited)",
				);
				GCC_WARN_64_TO_32_BIT_CONVERSION = YES;
				GCC_WARN_ABOUT_RETURN_TYPE = YES_ERROR;
				GCC_WARN_UNDECLARED_SELECTOR = YES;
				GCC_WARN_UNINITIALIZED_AUTOS = YES_AGGRESSIVE;
				GCC_WARN_UNUSED_FUNCTION = YES;
				GCC_WARN_UNUSED_VARIABLE = YES;
				IPHONEOS_DEPLOYMENT_TARGET = 15.0;
				MTL_ENABLE_DEBUG_INFO = INCLUDE_SOURCE;
				MTL_FAST_MATH = YES;
				ONLY_ACTIVE_ARCH = YES;
				SDKROOT = iphoneos;
				SWIFT_ACTIVE_COMPILATION_CONDITIONS = DEBUG;
				SWIFT_OPTIMIZATION_LEVEL = "-Onone";
			};
			name = Debug;
		};
		84DE966727665559001F33F7 /* Release */ = {
			isa = XCBuildConfiguration;
			buildSettings = {
				ALWAYS_SEARCH_USER_PATHS = NO;
				CLANG_ANALYZER_NONNULL = YES;
				CLANG_ANALYZER_NUMBER_OBJECT_CONVERSION = YES_AGGRESSIVE;
				CLANG_CXX_LANGUAGE_STANDARD = "gnu++17";
				CLANG_CXX_LIBRARY = "libc++";
				CLANG_ENABLE_MODULES = YES;
				CLANG_ENABLE_OBJC_ARC = YES;
				CLANG_ENABLE_OBJC_WEAK = YES;
				CLANG_WARN_BLOCK_CAPTURE_AUTORELEASING = YES;
				CLANG_WARN_BOOL_CONVERSION = YES;
				CLANG_WARN_COMMA = YES;
				CLANG_WARN_CONSTANT_CONVERSION = YES;
				CLANG_WARN_DEPRECATED_OBJC_IMPLEMENTATIONS = YES;
				CLANG_WARN_DIRECT_OBJC_ISA_USAGE = YES_ERROR;
				CLANG_WARN_DOCUMENTATION_COMMENTS = YES;
				CLANG_WARN_EMPTY_BODY = YES;
				CLANG_WARN_ENUM_CONVERSION = YES;
				CLANG_WARN_INFINITE_RECURSION = YES;
				CLANG_WARN_INT_CONVERSION = YES;
				CLANG_WARN_NON_LITERAL_NULL_CONVERSION = YES;
				CLANG_WARN_OBJC_IMPLICIT_RETAIN_SELF = YES;
				CLANG_WARN_OBJC_LITERAL_CONVERSION = YES;
				CLANG_WARN_OBJC_ROOT_CLASS = YES_ERROR;
				CLANG_WARN_QUOTED_INCLUDE_IN_FRAMEWORK_HEADER = YES;
				CLANG_WARN_RANGE_LOOP_ANALYSIS = YES;
				CLANG_WARN_STRICT_PROTOTYPES = YES;
				CLANG_WARN_SUSPICIOUS_MOVE = YES;
				CLANG_WARN_UNGUARDED_AVAILABILITY = YES_AGGRESSIVE;
				CLANG_WARN_UNREACHABLE_CODE = YES;
				CLANG_WARN__DUPLICATE_METHOD_MATCH = YES;
				COPY_PHASE_STRIP = NO;
				DEBUG_INFORMATION_FORMAT = "dwarf-with-dsym";
				ENABLE_NS_ASSERTIONS = NO;
				ENABLE_STRICT_OBJC_MSGSEND = YES;
				GCC_C_LANGUAGE_STANDARD = gnu11;
				GCC_NO_COMMON_BLOCKS = YES;
				GCC_WARN_64_TO_32_BIT_CONVERSION = YES;
				GCC_WARN_ABOUT_RETURN_TYPE = YES_ERROR;
				GCC_WARN_UNDECLARED_SELECTOR = YES;
				GCC_WARN_UNINITIALIZED_AUTOS = YES_AGGRESSIVE;
				GCC_WARN_UNUSED_FUNCTION = YES;
				GCC_WARN_UNUSED_VARIABLE = YES;
				IPHONEOS_DEPLOYMENT_TARGET = 15.0;
				MTL_ENABLE_DEBUG_INFO = NO;
				MTL_FAST_MATH = YES;
				SDKROOT = iphoneos;
				SWIFT_COMPILATION_MODE = wholemodule;
				SWIFT_OPTIMIZATION_LEVEL = "-O";
				VALIDATE_PRODUCT = YES;
			};
			name = Release;
		};
		84DE966927665559001F33F7 /* Debug */ = {
			isa = XCBuildConfiguration;
			buildSettings = {
				ASSETCATALOG_COMPILER_APPICON_NAME = AppIcon;
				ASSETCATALOG_COMPILER_GLOBAL_ACCENT_COLOR_NAME = AccentColor;
				CODE_SIGN_STYLE = Automatic;
				CURRENT_PROJECT_VERSION = 1;
				GENERATE_INFOPLIST_FILE = YES;
				INFOPLIST_FILE = AgingPeople/Info.plist;
				INFOPLIST_KEY_UIApplicationSupportsIndirectInputEvents = YES;
				INFOPLIST_KEY_UILaunchStoryboardName = LaunchScreen;
				INFOPLIST_KEY_UIMainStoryboardFile = Main;
				INFOPLIST_KEY_UISupportedInterfaceOrientations = "UIInterfaceOrientationPortrait UIInterfaceOrientationPortraitUpsideDown UIInterfaceOrientationLandscapeLeft UIInterfaceOrientationLandscapeRight";
				INFOPLIST_KEY_UISupportedInterfaceOrientations_iPad = "UIInterfaceOrientationPortrait UIInterfaceOrientationPortraitUpsideDown UIInterfaceOrientationLandscapeLeft UIInterfaceOrientationLandscapeRight";
				INFOPLIST_KEY_UISupportedInterfaceOrientations_iPhone = "UIInterfaceOrientationPortrait UIInterfaceOrientationLandscapeLeft UIInterfaceOrientationLandscapeRight";
				LD_RUNPATH_SEARCH_PATHS = (
					"$(inherited)",
					"@executable_path/Frameworks",
				);
				MARKETING_VERSION = 1.0;
				PRODUCT_BUNDLE_IDENTIFIER = com.NorahAsiri.AgingPeople;
				PRODUCT_NAME = "$(TARGET_NAME)";
				SWIFT_EMIT_LOC_STRINGS = YES;
				SWIFT_VERSION = 5.0;
				TARGETED_DEVICE_FAMILY = "1,2";
			};
			name = Debug;
		};
		84DE966A27665559001F33F7 /* Release */ = {
			isa = XCBuildConfiguration;
			buildSettings = {
				ASSETCATALOG_COMPILER_APPICON_NAME = AppIcon;
				ASSETCATALOG_COMPILER_GLOBAL_ACCENT_COLOR_NAME = AccentColor;
				CODE_SIGN_STYLE = Automatic;
				CURRENT_PROJECT_VERSION = 1;
				GENERATE_INFOPLIST_FILE = YES;
				INFOPLIST_FILE = AgingPeople/Info.plist;
				INFOPLIST_KEY_UIApplicationSupportsIndirectInputEvents = YES;
				INFOPLIST_KEY_UILaunchStoryboardName = LaunchScreen;
				INFOPLIST_KEY_UIMainStoryboardFile = Main;
				INFOPLIST_KEY_UISupportedInterfaceOrientations = "UIInterfaceOrientationPortrait UIInterfaceOrientationPortraitUpsideDown UIInterfaceOrientationLandscapeLeft UIInterfaceOrientationLandscapeRight";
				INFOPLIST_KEY_UISupportedInterfaceOrientations_iPad = "UIInterfaceOrientationPortrait UIInterfaceOrientationPortraitUpsideDown UIInterfaceOrientationLandscapeLeft UIInterfaceOrientationLandscapeRight";
				INFOPLIST_KEY_UISupportedInterfaceOrientations_iPhone = "UIInterfaceOrientationPortrait UIInterfaceOrientationLandscapeLeft UIInterfaceOrientationLandscapeRight";
				LD_RUNPATH_SEARCH_PATHS = (
					"$(inherited)",
					"@executable_path/Frameworks",
				);
				MARKETING_VERSION = 1.0;
				PRODUCT_BUNDLE_IDENTIFIER = com.NorahAsiri.AgingPeople;
				PRODUCT_NAME = "$(TARGET_NAME)";
				SWIFT_EMIT_LOC_STRINGS = YES;
				SWIFT_VERSION = 5.0;
				TARGETED_DEVICE_FAMILY = "1,2";
			};
			name = Release;
		};
		84DE966C27665559001F33F7 /* Debug */ = {
			isa = XCBuildConfiguration;
			buildSettings = {
				ALWAYS_EMBED_SWIFT_STANDARD_LIBRARIES = YES;
				BUNDLE_LOADER = "$(TEST_HOST)";
				CODE_SIGN_STYLE = Automatic;
				CURRENT_PROJECT_VERSION = 1;
				GENERATE_INFOPLIST_FILE = YES;
				IPHONEOS_DEPLOYMENT_TARGET = 15.0;
				LD_RUNPATH_SEARCH_PATHS = (
					"$(inherited)",
					"@executable_path/Frameworks",
					"@loader_path/Frameworks",
				);
				MARKETING_VERSION = 1.0;
				PRODUCT_BUNDLE_IDENTIFIER = com.NorahAsiri.AgingPeopleTests;
				PRODUCT_NAME = "$(TARGET_NAME)";
				SWIFT_EMIT_LOC_STRINGS = NO;
				SWIFT_VERSION = 5.0;
				TARGETED_DEVICE_FAMILY = "1,2";
				TEST_HOST = "$(BUILT_PRODUCTS_DIR)/AgingPeople.app/AgingPeople";
			};
			name = Debug;
		};
		84DE966D27665559001F33F7 /* Release */ = {
			isa = XCBuildConfiguration;
			buildSettings = {
				ALWAYS_EMBED_SWIFT_STANDARD_LIBRARIES = YES;
				BUNDLE_LOADER = "$(TEST_HOST)";
				CODE_SIGN_STYLE = Automatic;
				CURRENT_PROJECT_VERSION = 1;
				GENERATE_INFOPLIST_FILE = YES;
				IPHONEOS_DEPLOYMENT_TARGET = 15.0;
				LD_RUNPATH_SEARCH_PATHS = (
					"$(inherited)",
					"@executable_path/Frameworks",
					"@loader_path/Frameworks",
				);
				MARKETING_VERSION = 1.0;
				PRODUCT_BUNDLE_IDENTIFIER = com.NorahAsiri.AgingPeopleTests;
				PRODUCT_NAME = "$(TARGET_NAME)";
				SWIFT_EMIT_LOC_STRINGS = NO;
				SWIFT_VERSION = 5.0;
				TARGETED_DEVICE_FAMILY = "1,2";
				TEST_HOST = "$(BUILT_PRODUCTS_DIR)/AgingPeople.app/AgingPeople";
			};
			name = Release;
		};
		84DE966F27665559001F33F7 /* Debug */ = {
			isa = XCBuildConfiguration;
			buildSettings = {
				ALWAYS_EMBED_SWIFT_STANDARD_LIBRARIES = YES;
				CODE_SIGN_STYLE = Automatic;
				CURRENT_PROJECT_VERSION = 1;
				GENERATE_INFOPLIST_FILE = YES;
				LD_RUNPATH_SEARCH_PATHS = (
					"$(inherited)",
					"@executable_path/Frameworks",
					"@loader_path/Frameworks",
				);
				MARKETING_VERSION = 1.0;
				PRODUCT_BUNDLE_IDENTIFIER = com.NorahAsiri.AgingPeopleUITests;
				PRODUCT_NAME = "$(TARGET_NAME)";
				SWIFT_EMIT_LOC_STRINGS = NO;
				SWIFT_VERSION = 5.0;
				TARGETED_DEVICE_FAMILY = "1,2";
				TEST_TARGET_NAME = AgingPeople;
			};
			name = Debug;
		};
		84DE967027665559001F33F7 /* Release */ = {
			isa = XCBuildConfiguration;
			buildSettings = {
				ALWAYS_EMBED_SWIFT_STANDARD_LIBRARIES = YES;
				CODE_SIGN_STYLE = Automatic;
				CURRENT_PROJECT_VERSION = 1;
				GENERATE_INFOPLIST_FILE = YES;
				LD_RUNPATH_SEARCH_PATHS = (
					"$(inherited)",
					"@executable_path/Frameworks",
					"@loader_path/Frameworks",
				);
				MARKETING_VERSION = 1.0;
				PRODUCT_BUNDLE_IDENTIFIER = com.NorahAsiri.AgingPeopleUITests;
				PRODUCT_NAME = "$(TARGET_NAME)";
				SWIFT_EMIT_LOC_STRINGS = NO;
				SWIFT_VERSION = 5.0;
				TARGETED_DEVICE_FAMILY = "1,2";
				TEST_TARGET_NAME = AgingPeople;
			};
			name = Release;
		};
/* End XCBuildConfiguration section */

/* Begin XCConfigurationList section */
		84DE963927665557001F33F7 /* Build configuration list for PBXProject "AgingPeople" */ = {
			isa = XCConfigurationList;
			buildConfigurations = (
				84DE966627665559001F33F7 /* Debug */,
				84DE966727665559001F33F7 /* Release */,
			);
			defaultConfigurationIsVisible = 0;
			defaultConfigurationName = Release;
		};
		84DE966827665559001F33F7 /* Build configuration list for PBXNativeTarget "AgingPeople" */ = {
			isa = XCConfigurationList;
			buildConfigurations = (
				84DE966927665559001F33F7 /* Debug */,
				84DE966A27665559001F33F7 /* Release */,
			);
			defaultConfigurationIsVisible = 0;
			defaultConfigurationName = Release;
		};
		84DE966B27665559001F33F7 /* Build configuration list for PBXNativeTarget "AgingPeopleTests" */ = {
			isa = XCConfigurationList;
			buildConfigurations = (
				84DE966C27665559001F33F7 /* Debug */,
				84DE966D27665559001F33F7 /* Release */,
			);
			defaultConfigurationIsVisible = 0;
			defaultConfigurationName = Release;
		};
		84DE966E27665559001F33F7 /* Build configuration list for PBXNativeTarget "AgingPeopleUITests" */ = {
			isa = XCConfigurationList;
			buildConfigurations = (
				84DE966F27665559001F33F7 /* Debug */,
				84DE967027665559001F33F7 /* Release */,
			);
			defaultConfigurationIsVisible = 0;
			defaultConfigurationName = Release;
		};
/* End XCConfigurationList section */
	};
	rootObject = 84DE963627665557001F33F7 /* Project object */;
}
